// !$*UTF8*$!
{
	archiveVersion = 1;
	classes = {
	};
	objectVersion = 51;
	objects = {

/* Begin PBXBuildFile section */
		108489A5224415A1004D37A8 /* AppDelegate.m in Sources */ = {isa = PBXBuildFile; fileRef = 108489A4224415A1004D37A8 /* AppDelegate.m */; };
		108489A8224415A1004D37A8 /* ViewController.m in Sources */ = {isa = PBXBuildFile; fileRef = 108489A7224415A1004D37A8 /* ViewController.m */; };
		108489B3224415A4004D37A8 /* main.m in Sources */ = {isa = PBXBuildFile; fileRef = 108489B2224415A4004D37A8 /* main.m */; };
		108489F7224531B6004D37A8 /* Assets.xcassets in Resources */ = {isa = PBXBuildFile; fileRef = C1E8DDCB22259E3500536A5C /* Assets.xcassets */; };
		108489F8224531B9004D37A8 /* Main.storyboard in Resources */ = {isa = PBXBuildFile; fileRef = C1E8DDC822259E3400536A5C /* Main.storyboard */; };
		108489F9224531BF004D37A8 /* LaunchScreen.storyboard in Resources */ = {isa = PBXBuildFile; fileRef = C1E8DDCD22259E3500536A5C /* LaunchScreen.storyboard */; };
		C18E1D3722410D0E00B5F51C /* libc++.tbd in Frameworks */ = {isa = PBXBuildFile; fileRef = C18E1D3622410D0E00B5F51C /* libc++.tbd */; };
		C1E8DDC522259E3400536A5C /* AppDelegate.swift in Sources */ = {isa = PBXBuildFile; fileRef = C1E8DDC422259E3400536A5C /* AppDelegate.swift */; };
		C1E8DDC722259E3400536A5C /* ViewController.swift in Sources */ = {isa = PBXBuildFile; fileRef = C1E8DDC622259E3400536A5C /* ViewController.swift */; };
		C1E8DDCA22259E3400536A5C /* Main.storyboard in Resources */ = {isa = PBXBuildFile; fileRef = C1E8DDC822259E3400536A5C /* Main.storyboard */; };
		C1E8DDCC22259E3500536A5C /* Assets.xcassets in Resources */ = {isa = PBXBuildFile; fileRef = C1E8DDCB22259E3500536A5C /* Assets.xcassets */; };
		C1E8DDCF22259E3500536A5C /* LaunchScreen.storyboard in Resources */ = {isa = PBXBuildFile; fileRef = C1E8DDCD22259E3500536A5C /* LaunchScreen.storyboard */; };
/* End PBXBuildFile section */

/* Begin PBXFileReference section */
		108489A1224415A1004D37A8 /* TranslateExampleObjC.app */ = {isa = PBXFileReference; explicitFileType = wrapper.application; includeInIndex = 0; path = TranslateExampleObjC.app; sourceTree = BUILT_PRODUCTS_DIR; };
		108489A3224415A1004D37A8 /* AppDelegate.h */ = {isa = PBXFileReference; lastKnownFileType = sourcecode.c.h; path = AppDelegate.h; sourceTree = "<group>"; };
		108489A4224415A1004D37A8 /* AppDelegate.m */ = {isa = PBXFileReference; lastKnownFileType = sourcecode.c.objc; path = AppDelegate.m; sourceTree = "<group>"; };
		108489A6224415A1004D37A8 /* ViewController.h */ = {isa = PBXFileReference; lastKnownFileType = sourcecode.c.h; path = ViewController.h; sourceTree = "<group>"; };
		108489A7224415A1004D37A8 /* ViewController.m */ = {isa = PBXFileReference; lastKnownFileType = sourcecode.c.objc; path = ViewController.m; sourceTree = "<group>"; };
		108489B2224415A4004D37A8 /* main.m */ = {isa = PBXFileReference; lastKnownFileType = sourcecode.c.objc; path = main.m; sourceTree = "<group>"; };
		C18E1D3622410D0E00B5F51C /* libc++.tbd */ = {isa = PBXFileReference; lastKnownFileType = "sourcecode.text-based-dylib-definition"; name = "libc++.tbd"; path = "usr/lib/libc++.tbd"; sourceTree = SDKROOT; };
		C1E8DDC122259E3400536A5C /* TranslateExample.app */ = {isa = PBXFileReference; explicitFileType = wrapper.application; includeInIndex = 0; path = TranslateExample.app; sourceTree = BUILT_PRODUCTS_DIR; };
		C1E8DDC422259E3400536A5C /* AppDelegate.swift */ = {isa = PBXFileReference; lastKnownFileType = sourcecode.swift; path = AppDelegate.swift; sourceTree = "<group>"; };
		C1E8DDC622259E3400536A5C /* ViewController.swift */ = {isa = PBXFileReference; lastKnownFileType = sourcecode.swift; path = ViewController.swift; sourceTree = "<group>"; };
		C1E8DDC922259E3400536A5C /* Base */ = {isa = PBXFileReference; lastKnownFileType = file.storyboard; name = Base; path = Base.lproj/Main.storyboard; sourceTree = "<group>"; };
		C1E8DDCB22259E3500536A5C /* Assets.xcassets */ = {isa = PBXFileReference; lastKnownFileType = folder.assetcatalog; path = Assets.xcassets; sourceTree = "<group>"; };
		C1E8DDCE22259E3500536A5C /* Base */ = {isa = PBXFileReference; lastKnownFileType = file.storyboard; name = Base; path = Base.lproj/LaunchScreen.storyboard; sourceTree = "<group>"; };
		C1E8DDD022259E3500536A5C /* Info.plist */ = {isa = PBXFileReference; lastKnownFileType = text.plist.xml; path = Info.plist; sourceTree = "<group>"; };
/* End PBXFileReference section */

/* Begin PBXFrameworksBuildPhase section */
		1084899E224415A1004D37A8 /* Frameworks */ = {
			isa = PBXFrameworksBuildPhase;
			buildActionMask = 2147483647;
			files = (
			);
			runOnlyForDeploymentPostprocessing = 0;
		};
		C1E8DDBE22259E3400536A5C /* Frameworks */ = {
			isa = PBXFrameworksBuildPhase;
			buildActionMask = 2147483647;
			files = (
				C18E1D3722410D0E00B5F51C /* libc++.tbd in Frameworks */,
			);
			runOnlyForDeploymentPostprocessing = 0;
		};
/* End PBXFrameworksBuildPhase section */

/* Begin PBXGroup section */
		108489A2224415A1004D37A8 /* TranslateExampleObjC */ = {
			isa = PBXGroup;
			children = (
				108489A3224415A1004D37A8 /* AppDelegate.h */,
				108489A4224415A1004D37A8 /* AppDelegate.m */,
				108489A6224415A1004D37A8 /* ViewController.h */,
				108489A7224415A1004D37A8 /* ViewController.m */,
				108489B2224415A4004D37A8 /* main.m */,
			);
			path = TranslateExampleObjC;
			sourceTree = "<group>";
		};
		65AC6D81F1B268042A1E4A79 /* Frameworks */ = {
			isa = PBXGroup;
			children = (
				C18E1D3622410D0E00B5F51C /* libc++.tbd */,
			);
			name = Frameworks;
			sourceTree = "<group>";
		};
		C1E8DDB822259E3400536A5C = {
			isa = PBXGroup;
			children = (
				C1E8DDC322259E3400536A5C /* TranslateExample */,
				108489A2224415A1004D37A8 /* TranslateExampleObjC */,
				C1E8DDC222259E3400536A5C /* Products */,
				65AC6D81F1B268042A1E4A79 /* Frameworks */,
				E7C45F3A2FC5CB6A04E2E3FF /* Pods */,
			);
			sourceTree = "<group>";
		};
		C1E8DDC222259E3400536A5C /* Products */ = {
			isa = PBXGroup;
			children = (
				C1E8DDC122259E3400536A5C /* TranslateExample.app */,
				108489A1224415A1004D37A8 /* TranslateExampleObjC.app */,
			);
			name = Products;
			sourceTree = "<group>";
		};
		C1E8DDC322259E3400536A5C /* TranslateExample */ = {
			isa = PBXGroup;
			children = (
				C1E8DDC422259E3400536A5C /* AppDelegate.swift */,
				C1E8DDC622259E3400536A5C /* ViewController.swift */,
				C1E8DDC822259E3400536A5C /* Main.storyboard */,
				C1E8DDCB22259E3500536A5C /* Assets.xcassets */,
				C1E8DDCD22259E3500536A5C /* LaunchScreen.storyboard */,
				C1E8DDD022259E3500536A5C /* Info.plist */,
			);
			path = TranslateExample;
			sourceTree = "<group>";
		};
		E7C45F3A2FC5CB6A04E2E3FF /* Pods */ = {
			isa = PBXGroup;
			children = (
			);
			path = Pods;
			sourceTree = "<group>";
		};
/* End PBXGroup section */

/* Begin PBXNativeTarget section */
		108489A0224415A1004D37A8 /* TranslateExampleObjC */ = {
			isa = PBXNativeTarget;
			buildConfigurationList = 108489D0224415A5004D37A8 /* Build configuration list for PBXNativeTarget "TranslateExampleObjC" */;
			buildPhases = (
				1084899D224415A1004D37A8 /* Sources */,
				1084899E224415A1004D37A8 /* Frameworks */,
				1084899F224415A1004D37A8 /* Resources */,
			);
			buildRules = (
			);
			dependencies = (
			);
			name = TranslateExampleObjC;
			productName = TranslateExampleObjC;
			productReference = 108489A1224415A1004D37A8 /* TranslateExampleObjC.app */;
			productType = "com.apple.product-type.application";
		};
		C1E8DDC022259E3400536A5C /* TranslateExample */ = {
			isa = PBXNativeTarget;
			buildConfigurationList = C1E8DDD322259E3500536A5C /* Build configuration list for PBXNativeTarget "TranslateExample" */;
			buildPhases = (
				C1E8DDBD22259E3400536A5C /* Sources */,
				C1E8DDBE22259E3400536A5C /* Frameworks */,
				C1E8DDBF22259E3400536A5C /* Resources */,
			);
			buildRules = (
			);
			dependencies = (
			);
			name = TranslateExample;
			productName = TranslateApp;
			productReference = C1E8DDC122259E3400536A5C /* TranslateExample.app */;
			productType = "com.apple.product-type.application";
		};
/* End PBXNativeTarget section */

/* Begin PBXProject section */
		C1E8DDB922259E3400536A5C /* Project object */ = {
			isa = PBXProject;
			attributes = {
				LastSwiftUpdateCheck = 1010;
				LastUpgradeCheck = 1010;
				ORGANIZATIONNAME = "Google Inc";
				TargetAttributes = {
					108489A0224415A1004D37A8 = {
						CreatedOnToolsVersion = 10.1;
					};
					C1E8DDC022259E3400536A5C = {
						CreatedOnToolsVersion = 10.1;
						LastSwiftMigration = 1130;
					};
				};
			};
			buildConfigurationList = C1E8DDBC22259E3400536A5C /* Build configuration list for PBXProject "TranslateExample" */;
			compatibilityVersion = "Xcode 9.3";
			developmentRegion = en;
			hasScannedForEncodings = 0;
			knownRegions = (
				en,
				Base,
			);
			mainGroup = C1E8DDB822259E3400536A5C;
			productRefGroup = C1E8DDC222259E3400536A5C /* Products */;
			projectDirPath = "";
			projectRoot = "";
			targets = (
				C1E8DDC022259E3400536A5C /* TranslateExample */,
				108489A0224415A1004D37A8 /* TranslateExampleObjC */,
			);
		};
/* End PBXProject section */

/* Begin PBXResourcesBuildPhase section */
		1084899F224415A1004D37A8 /* Resources */ = {
			isa = PBXResourcesBuildPhase;
			buildActionMask = 2147483647;
			files = (
				108489F8224531B9004D37A8 /* Main.storyboard in Resources */,
				108489F9224531BF004D37A8 /* LaunchScreen.storyboard in Resources */,
				108489F7224531B6004D37A8 /* Assets.xcassets in Resources */,
			);
			runOnlyForDeploymentPostprocessing = 0;
		};
		C1E8DDBF22259E3400536A5C /* Resources */ = {
			isa = PBXResourcesBuildPhase;
			buildActionMask = 2147483647;
			files = (
				C1E8DDCF22259E3500536A5C /* LaunchScreen.storyboard in Resources */,
				C1E8DDCC22259E3500536A5C /* Assets.xcassets in Resources */,
				C1E8DDCA22259E3400536A5C /* Main.storyboard in Resources */,
			);
			runOnlyForDeploymentPostprocessing = 0;
		};
/* End PBXResourcesBuildPhase section */

/* Begin PBXSourcesBuildPhase section */
		1084899D224415A1004D37A8 /* Sources */ = {
			isa = PBXSourcesBuildPhase;
			buildActionMask = 2147483647;
			files = (
				108489A8224415A1004D37A8 /* ViewController.m in Sources */,
				108489B3224415A4004D37A8 /* main.m in Sources */,
				108489A5224415A1004D37A8 /* AppDelegate.m in Sources */,
			);
			runOnlyForDeploymentPostprocessing = 0;
		};
		C1E8DDBD22259E3400536A5C /* Sources */ = {
			isa = PBXSourcesBuildPhase;
			buildActionMask = 2147483647;
			files = (
				C1E8DDC722259E3400536A5C /* ViewController.swift in Sources */,
				C1E8DDC522259E3400536A5C /* AppDelegate.swift in Sources */,
			);
			runOnlyForDeploymentPostprocessing = 0;
		};
/* End PBXSourcesBuildPhase section */

/* Begin PBXVariantGroup section */
		C1E8DDC822259E3400536A5C /* Main.storyboard */ = {
			isa = PBXVariantGroup;
			children = (
				C1E8DDC922259E3400536A5C /* Base */,
			);
			name = Main.storyboard;
			sourceTree = "<group>";
		};
		C1E8DDCD22259E3500536A5C /* LaunchScreen.storyboard */ = {
			isa = PBXVariantGroup;
			children = (
				C1E8DDCE22259E3500536A5C /* Base */,
			);
			name = LaunchScreen.storyboard;
			sourceTree = "<group>";
		};
/* End PBXVariantGroup section */

/* Begin XCBuildConfiguration section */
		108489CA224415A5004D37A8 /* Debug */ = {
			isa = XCBuildConfiguration;
			buildSettings = {
				ASSETCATALOG_COMPILER_APPICON_NAME = AppIcon;
				CODE_SIGN_IDENTITY = "Apple Development";
				CODE_SIGN_STYLE = Automatic;
				DEVELOPMENT_TEAM = "";
				INFOPLIST_FILE = "$(SRCROOT)/TranslateExample/Info.plist";
				LD_RUNPATH_SEARCH_PATHS = (
					"$(inherited)",
					"@executable_path/Frameworks",
				);
				PRODUCT_BUNDLE_IDENTIFIER = com.google.mlkitml.sampleapp.translate;
				PRODUCT_NAME = "$(TARGET_NAME)";
				PROVISIONING_PROFILE_SPECIFIER = "";
				TARGETED_DEVICE_FAMILY = "1,2";
				VALID_ARCHS = "x86_64 arm64 arm64e";
			};
			name = Debug;
		};
		108489CB224415A5004D37A8 /* Release */ = {
			isa = XCBuildConfiguration;
			buildSettings = {
				ASSETCATALOG_COMPILER_APPICON_NAME = AppIcon;
				CODE_SIGN_IDENTITY = "Apple Development";
				CODE_SIGN_STYLE = Automatic;
				DEVELOPMENT_TEAM = "";
				INFOPLIST_FILE = "$(SRCROOT)/TranslateExample/Info.plist";
				LD_RUNPATH_SEARCH_PATHS = (
					"$(inherited)",
					"@executable_path/Frameworks",
				);
				PRODUCT_BUNDLE_IDENTIFIER = com.google.mlkitml.sampleapp.translate;
				PRODUCT_NAME = "$(TARGET_NAME)";
				PROVISIONING_PROFILE_SPECIFIER = "";
				TARGETED_DEVICE_FAMILY = "1,2";
				VALID_ARCHS = "x86_64 arm64 arm64e";
			};
			name = Release;
		};
		C1E8DDD122259E3500536A5C /* Debug */ = {
			isa = XCBuildConfiguration;
			buildSettings = {
				ALWAYS_SEARCH_USER_PATHS = NO;
				CLANG_ANALYZER_NONNULL = YES;
				CLANG_ANALYZER_NUMBER_OBJECT_CONVERSION = YES_AGGRESSIVE;
				CLANG_CXX_LANGUAGE_STANDARD = "gnu++14";
				CLANG_CXX_LIBRARY = "libc++";
				CLANG_ENABLE_MODULES = YES;
				CLANG_ENABLE_OBJC_ARC = YES;
				CLANG_ENABLE_OBJC_WEAK = YES;
				CLANG_WARN_BLOCK_CAPTURE_AUTORELEASING = YES;
				CLANG_WARN_BOOL_CONVERSION = YES;
				CLANG_WARN_COMMA = YES;
				CLANG_WARN_CONSTANT_CONVERSION = YES;
				CLANG_WARN_DEPRECATED_OBJC_IMPLEMENTATIONS = YES;
				CLANG_WARN_DIRECT_OBJC_ISA_USAGE = YES_ERROR;
				CLANG_WARN_DOCUMENTATION_COMMENTS = YES;
				CLANG_WARN_EMPTY_BODY = YES;
				CLANG_WARN_ENUM_CONVERSION = YES;
				CLANG_WARN_INFINITE_RECURSION = YES;
				CLANG_WARN_INT_CONVERSION = YES;
				CLANG_WARN_NON_LITERAL_NULL_CONVERSION = YES;
				CLANG_WARN_OBJC_IMPLICIT_RETAIN_SELF = YES;
				CLANG_WARN_OBJC_LITERAL_CONVERSION = YES;
				CLANG_WARN_OBJC_ROOT_CLASS = YES_ERROR;
				CLANG_WARN_RANGE_LOOP_ANALYSIS = YES;
				CLANG_WARN_STRICT_PROTOTYPES = YES;
				CLANG_WARN_SUSPICIOUS_MOVE = YES;
				CLANG_WARN_UNGUARDED_AVAILABILITY = YES_AGGRESSIVE;
				CLANG_WARN_UNREACHABLE_CODE = YES;
				CLANG_WARN__DUPLICATE_METHOD_MATCH = YES;
				CODE_SIGN_IDENTITY = "Apple Development";
				COPY_PHASE_STRIP = NO;
				DEBUG_INFORMATION_FORMAT = dwarf;
				ENABLE_STRICT_OBJC_MSGSEND = YES;
				ENABLE_TESTABILITY = YES;
				GCC_C_LANGUAGE_STANDARD = gnu11;
				GCC_DYNAMIC_NO_PIC = NO;
				GCC_NO_COMMON_BLOCKS = YES;
				GCC_OPTIMIZATION_LEVEL = 0;
				GCC_PREPROCESSOR_DEFINITIONS = (
					"DEBUG=1",
					"$(inherited)",
				);
				GCC_WARN_64_TO_32_BIT_CONVERSION = YES;
				GCC_WARN_ABOUT_RETURN_TYPE = YES_ERROR;
				GCC_WARN_UNDECLARED_SELECTOR = YES;
				GCC_WARN_UNINITIALIZED_AUTOS = YES_AGGRESSIVE;
				GCC_WARN_UNUSED_FUNCTION = YES;
				GCC_WARN_UNUSED_VARIABLE = YES;
				IPHONEOS_DEPLOYMENT_TARGET = 12.0;
				MTL_ENABLE_DEBUG_INFO = INCLUDE_SOURCE;
				MTL_FAST_MATH = YES;
				ONLY_ACTIVE_ARCH = YES;
				SDKROOT = iphoneos;
				SWIFT_ACTIVE_COMPILATION_CONDITIONS = DEBUG;
				SWIFT_OPTIMIZATION_LEVEL = "-Onone";
				VALID_ARCHS = "x86_64 arm64 arm64e";
			};
			name = Debug;
		};
		C1E8DDD222259E3500536A5C /* Release */ = {
			isa = XCBuildConfiguration;
			buildSettings = {
				ALWAYS_SEARCH_USER_PATHS = NO;
				CLANG_ANALYZER_NONNULL = YES;
				CLANG_ANALYZER_NUMBER_OBJECT_CONVERSION = YES_AGGRESSIVE;
				CLANG_CXX_LANGUAGE_STANDARD = "gnu++14";
				CLANG_CXX_LIBRARY = "libc++";
				CLANG_ENABLE_MODULES = YES;
				CLANG_ENABLE_OBJC_ARC = YES;
				CLANG_ENABLE_OBJC_WEAK = YES;
				CLANG_WARN_BLOCK_CAPTURE_AUTORELEASING = YES;
				CLANG_WARN_BOOL_CONVERSION = YES;
				CLANG_WARN_COMMA = YES;
				CLANG_WARN_CONSTANT_CONVERSION = YES;
				CLANG_WARN_DEPRECATED_OBJC_IMPLEMENTATIONS = YES;
				CLANG_WARN_DIRECT_OBJC_ISA_USAGE = YES_ERROR;
				CLANG_WARN_DOCUMENTATION_COMMENTS = YES;
				CLANG_WARN_EMPTY_BODY = YES;
				CLANG_WARN_ENUM_CONVERSION = YES;
				CLANG_WARN_INFINITE_RECURSION = YES;
				CLANG_WARN_INT_CONVERSION = YES;
				CLANG_WARN_NON_LITERAL_NULL_CONVERSION = YES;
				CLANG_WARN_OBJC_IMPLICIT_RETAIN_SELF = YES;
				CLANG_WARN_OBJC_LITERAL_CONVERSION = YES;
				CLANG_WARN_OBJC_ROOT_CLASS = YES_ERROR;
				CLANG_WARN_RANGE_LOOP_ANALYSIS = YES;
				CLANG_WARN_STRICT_PROTOTYPES = YES;
				CLANG_WARN_SUSPICIOUS_MOVE = YES;
				CLANG_WARN_UNGUARDED_AVAILABILITY = YES_AGGRESSIVE;
				CLANG_WARN_UNREACHABLE_CODE = YES;
				CLANG_WARN__DUPLICATE_METHOD_MATCH = YES;
				CODE_SIGN_IDENTITY = "Apple Development";
				COPY_PHASE_STRIP = NO;
				DEBUG_INFORMATION_FORMAT = "dwarf-with-dsym";
				ENABLE_NS_ASSERTIONS = NO;
				ENABLE_STRICT_OBJC_MSGSEND = YES;
				GCC_C_LANGUAGE_STANDARD = gnu11;
				GCC_NO_COMMON_BLOCKS = YES;
				GCC_WARN_64_TO_32_BIT_CONVERSION = YES;
				GCC_WARN_ABOUT_RETURN_TYPE = YES_ERROR;
				GCC_WARN_UNDECLARED_SELECTOR = YES;
				GCC_WARN_UNINITIALIZED_AUTOS = YES_AGGRESSIVE;
				GCC_WARN_UNUSED_FUNCTION = YES;
				GCC_WARN_UNUSED_VARIABLE = YES;
				IPHONEOS_DEPLOYMENT_TARGET = 12.0;
				MTL_ENABLE_DEBUG_INFO = NO;
				MTL_FAST_MATH = YES;
				SDKROOT = iphoneos;
				SWIFT_COMPILATION_MODE = wholemodule;
				SWIFT_OPTIMIZATION_LEVEL = "-O";
				VALIDATE_PRODUCT = YES;
				VALID_ARCHS = "x86_64 arm64 arm64e";
			};
			name = Release;
		};
		C1E8DDD422259E3500536A5C /* Debug */ = {
			isa = XCBuildConfiguration;
			buildSettings = {
				ASSETCATALOG_COMPILER_APPICON_NAME = AppIcon;
				CODE_SIGN_IDENTITY = "Apple Development";
				CODE_SIGN_STYLE = Automatic;
				DEVELOPMENT_TEAM = "";
				ENABLE_BITCODE = NO;
				INFOPLIST_FILE = "$(SRCROOT)/TranslateExample/Info.plist";
				IPHONEOS_DEPLOYMENT_TARGET = 12.0;
				LD_RUNPATH_SEARCH_PATHS = (
					"$(inherited)",
					"@executable_path/Frameworks",
				);
				"OTHER_SWIFT_FLAGS[arch=*]" = "-D COCOAPODS";
				PRODUCT_BUNDLE_IDENTIFIER = com.google.mlkit.sampleapp.translate;
				PRODUCT_NAME = "$(TARGET_NAME)";
				PROVISIONING_PROFILE_SPECIFIER = "";
				SWIFT_VERSION = 5.0;
				TARGETED_DEVICE_FAMILY = "1,2";
				VALID_ARCHS = "x86_64 arm64 arm64e";
			};
			name = Debug;
		};
		C1E8DDD522259E3500536A5C /* Release */ = {
			isa = XCBuildConfiguration;
			buildSettings = {
				ASSETCATALOG_COMPILER_APPICON_NAME = AppIcon;
				CODE_SIGN_IDENTITY = "Apple Development";
				CODE_SIGN_STYLE = Automatic;
				DEVELOPMENT_TEAM = "";
				ENABLE_BITCODE = NO;
				INFOPLIST_FILE = "$(SRCROOT)/TranslateExample/Info.plist";
				IPHONEOS_DEPLOYMENT_TARGET = 12.0;
				LD_RUNPATH_SEARCH_PATHS = (
					"$(inherited)",
					"@executable_path/Frameworks",
				);
				PRODUCT_BUNDLE_IDENTIFIER = com.google.mlkit.sampleapp.translate;
				PRODUCT_NAME = "$(TARGET_NAME)";
				PROVISIONING_PROFILE_SPECIFIER = "";
				SWIFT_VERSION = 5.0;
				TARGETED_DEVICE_FAMILY = "1,2";
				VALID_ARCHS = "x86_64 arm64 arm64e";
			};
			name = Release;
		};
/* End XCBuildConfiguration section */

/* Begin XCConfigurationList section */
		108489D0224415A5004D37A8 /* Build configuration list for PBXNativeTarget "TranslateExampleObjC" */ = {
			isa = XCConfigurationList;
			buildConfigurations = (
				108489CA224415A5004D37A8 /* Debug */,
				108489CB224415A5004D37A8 /* Release */,
			);
			defaultConfigurationIsVisible = 0;
			defaultConfigurationName = Release;
		};
		C1E8DDBC22259E3400536A5C /* Build configuration list for PBXProject "TranslateExample" */ = {
			isa = XCConfigurationList;
			buildConfigurations = (
				C1E8DDD122259E3500536A5C /* Debug */,
				C1E8DDD222259E3500536A5C /* Release */,
			);
			defaultConfigurationIsVisible = 0;
			defaultConfigurationName = Release;
		};
		C1E8DDD322259E3500536A5C /* Build configuration list for PBXNativeTarget "TranslateExample" */ = {
			isa = XCConfigurationList;
			buildConfigurations = (
				C1E8DDD422259E3500536A5C /* Debug */,
				C1E8DDD522259E3500536A5C /* Release */,
			);
			defaultConfigurationIsVisible = 0;
			defaultConfigurationName = Release;
		};
/* End XCConfigurationList section */
	};
	rootObject = C1E8DDB922259E3400536A5C /* Project object */;
}
