// !$*UTF8*$!
{
	archiveVersion = 1;
	classes = {
	};
	objectVersion = 51;
	objects = {

/* Begin PBXBuildFile section */
		108489A5224415A1004D37A8 /* AppDelegate.m in Sources */ = {isa = PBXBuildFile; fileRef = 108489A4224415A1004D37A8 /* AppDelegate.m */; };
		108489A8224415A1004D37A8 /* ViewController.m in Sources */ = {isa = PBXBuildFile; fileRef = 108489A7224415A1004D37A8 /* ViewController.m */; };
		108489B3224415A4004D37A8 /* main.m in Sources */ = {isa = PBXBuildFile; fileRef = 108489B2224415A4004D37A8 /* main.m */; };
		108489BD224415A4004D37A8 /* TranslateExampleObjCTests.m in Sources */ = {isa = PBXBuildFile; fileRef = 108489BC224415A4004D37A8 /* TranslateExampleObjCTests.m */; };
		108489C8224415A5004D37A8 /* TranslateExampleObjCUITests.m in Sources */ = {isa = PBXBuildFile; fileRef = 108489C7224415A5004D37A8 /* TranslateExampleObjCUITests.m */; };
		108489DA224415FF004D37A8 /* TranslateExampleTests.swift in Sources */ = {isa = PBXBuildFile; fileRef = 108489D9224415FF004D37A8 /* TranslateExampleTests.swift */; };
		108489E82244160B004D37A8 /* TranslateExampleUITests.swift in Sources */ = {isa = PBXBuildFile; fileRef = 108489E72244160B004D37A8 /* TranslateExampleUITests.swift */; };
		108489F7224531B6004D37A8 /* Assets.xcassets in Resources */ = {isa = PBXBuildFile; fileRef = C1E8DDCB22259E3500536A5C /* Assets.xcassets */; };
		108489F8224531B9004D37A8 /* Main.storyboard in Resources */ = {isa = PBXBuildFile; fileRef = C1E8DDC822259E3400536A5C /* Main.storyboard */; };
		108489F9224531BF004D37A8 /* LaunchScreen.storyboard in Resources */ = {isa = PBXBuildFile; fileRef = C1E8DDCD22259E3500536A5C /* LaunchScreen.storyboard */; };
		C18E1D3722410D0E00B5F51C /* libc++.tbd in Frameworks */ = {isa = PBXBuildFile; fileRef = C18E1D3622410D0E00B5F51C /* libc++.tbd */; };
		C1E8DDC522259E3400536A5C /* AppDelegate.swift in Sources */ = {isa = PBXBuildFile; fileRef = C1E8DDC422259E3400536A5C /* AppDelegate.swift */; };
		C1E8DDC722259E3400536A5C /* ViewController.swift in Sources */ = {isa = PBXBuildFile; fileRef = C1E8DDC622259E3400536A5C /* ViewController.swift */; };
		C1E8DDCA22259E3400536A5C /* Main.storyboard in Resources */ = {isa = PBXBuildFile; fileRef = C1E8DDC822259E3400536A5C /* Main.storyboard */; };
		C1E8DDCC22259E3500536A5C /* Assets.xcassets in Resources */ = {isa = PBXBuildFile; fileRef = C1E8DDCB22259E3500536A5C /* Assets.xcassets */; };
		C1E8DDCF22259E3500536A5C /* LaunchScreen.storyboard in Resources */ = {isa = PBXBuildFile; fileRef = C1E8DDCD22259E3500536A5C /* LaunchScreen.storyboard */; };
/* End PBXBuildFile section */

/* Begin PBXContainerItemProxy section */
		108489B9224415A4004D37A8 /* PBXContainerItemProxy */ = {
			isa = PBXContainerItemProxy;
			containerPortal = C1E8DDB922259E3400536A5C /* Project object */;
			proxyType = 1;
			remoteGlobalIDString = 108489A0224415A1004D37A8;
			remoteInfo = TranslateExampleObjC;
		};
		108489C4224415A5004D37A8 /* PBXContainerItemProxy */ = {
			isa = PBXContainerItemProxy;
			containerPortal = C1E8DDB922259E3400536A5C /* Project object */;
			proxyType = 1;
			remoteGlobalIDString = 108489A0224415A1004D37A8;
			remoteInfo = TranslateExampleObjC;
		};
		108489DC22441600004D37A8 /* PBXContainerItemProxy */ = {
			isa = PBXContainerItemProxy;
			containerPortal = C1E8DDB922259E3400536A5C /* Project object */;
			proxyType = 1;
			remoteGlobalIDString = C1E8DDC022259E3400536A5C;
			remoteInfo = TranslateExample;
		};
		108489EA2244160B004D37A8 /* PBXContainerItemProxy */ = {
			isa = PBXContainerItemProxy;
			containerPortal = C1E8DDB922259E3400536A5C /* Project object */;
			proxyType = 1;
			remoteGlobalIDString = C1E8DDC022259E3400536A5C;
			remoteInfo = TranslateExample;
		};
/* End PBXContainerItemProxy section */

/* Begin PBXFileReference section */
		108489A1224415A1004D37A8 /* TranslateExampleObjC.app */ = {isa = PBXFileReference; explicitFileType = wrapper.application; includeInIndex = 0; path = TranslateExampleObjC.app; sourceTree = BUILT_PRODUCTS_DIR; };
		108489A3224415A1004D37A8 /* AppDelegate.h */ = {isa = PBXFileReference; lastKnownFileType = sourcecode.c.h; path = AppDelegate.h; sourceTree = "<group>"; };
		108489A4224415A1004D37A8 /* AppDelegate.m */ = {isa = PBXFileReference; lastKnownFileType = sourcecode.c.objc; path = AppDelegate.m; sourceTree = "<group>"; };
		108489A6224415A1004D37A8 /* ViewController.h */ = {isa = PBXFileReference; lastKnownFileType = sourcecode.c.h; path = ViewController.h; sourceTree = "<group>"; };
		108489A7224415A1004D37A8 /* ViewController.m */ = {isa = PBXFileReference; lastKnownFileType = sourcecode.c.objc; path = ViewController.m; sourceTree = "<group>"; };
		108489B2224415A4004D37A8 /* main.m */ = {isa = PBXFileReference; lastKnownFileType = sourcecode.c.objc; path = main.m; sourceTree = "<group>"; };
		108489B8224415A4004D37A8 /* TranslateExampleObjCTests.xctest */ = {isa = PBXFileReference; explicitFileType = wrapper.cfbundle; includeInIndex = 0; path = TranslateExampleObjCTests.xctest; sourceTree = BUILT_PRODUCTS_DIR; };
		108489BC224415A4004D37A8 /* TranslateExampleObjCTests.m */ = {isa = PBXFileReference; lastKnownFileType = sourcecode.c.objc; path = TranslateExampleObjCTests.m; sourceTree = "<group>"; };
		108489BE224415A4004D37A8 /* Info.plist */ = {isa = PBXFileReference; lastKnownFileType = text.plist.xml; path = Info.plist; sourceTree = "<group>"; };
		108489C3224415A4004D37A8 /* TranslateExampleObjCUITests.xctest */ = {isa = PBXFileReference; explicitFileType = wrapper.cfbundle; includeInIndex = 0; path = TranslateExampleObjCUITests.xctest; sourceTree = BUILT_PRODUCTS_DIR; };
		108489C7224415A5004D37A8 /* TranslateExampleObjCUITests.m */ = {isa = PBXFileReference; lastKnownFileType = sourcecode.c.objc; path = TranslateExampleObjCUITests.m; sourceTree = "<group>"; };
		108489C9224415A5004D37A8 /* Info.plist */ = {isa = PBXFileReference; lastKnownFileType = text.plist.xml; path = Info.plist; sourceTree = "<group>"; };
		108489D7224415FF004D37A8 /* TranslateExampleTests.xctest */ = {isa = PBXFileReference; explicitFileType = wrapper.cfbundle; includeInIndex = 0; path = TranslateExampleTests.xctest; sourceTree = BUILT_PRODUCTS_DIR; };
		108489D9224415FF004D37A8 /* TranslateExampleTests.swift */ = {isa = PBXFileReference; lastKnownFileType = sourcecode.swift; path = TranslateExampleTests.swift; sourceTree = "<group>"; };
		108489DB22441600004D37A8 /* Info.plist */ = {isa = PBXFileReference; lastKnownFileType = text.plist.xml; path = Info.plist; sourceTree = "<group>"; };
		108489E52244160B004D37A8 /* TranslateExampleUITests.xctest */ = {isa = PBXFileReference; explicitFileType = wrapper.cfbundle; includeInIndex = 0; path = TranslateExampleUITests.xctest; sourceTree = BUILT_PRODUCTS_DIR; };
		108489E72244160B004D37A8 /* TranslateExampleUITests.swift */ = {isa = PBXFileReference; lastKnownFileType = sourcecode.swift; path = TranslateExampleUITests.swift; sourceTree = "<group>"; };
		108489E92244160B004D37A8 /* Info.plist */ = {isa = PBXFileReference; lastKnownFileType = text.plist.xml; path = Info.plist; sourceTree = "<group>"; };
		C18E1D3622410D0E00B5F51C /* libc++.tbd */ = {isa = PBXFileReference; lastKnownFileType = "sourcecode.text-based-dylib-definition"; name = "libc++.tbd"; path = "usr/lib/libc++.tbd"; sourceTree = SDKROOT; };
		C1E8DDC122259E3400536A5C /* TranslateExample.app */ = {isa = PBXFileReference; explicitFileType = wrapper.application; includeInIndex = 0; path = TranslateExample.app; sourceTree = BUILT_PRODUCTS_DIR; };
		C1E8DDC422259E3400536A5C /* AppDelegate.swift */ = {isa = PBXFileReference; lastKnownFileType = sourcecode.swift; path = AppDelegate.swift; sourceTree = "<group>"; };
		C1E8DDC622259E3400536A5C /* ViewController.swift */ = {isa = PBXFileReference; lastKnownFileType = sourcecode.swift; path = ViewController.swift; sourceTree = "<group>"; };
		C1E8DDC922259E3400536A5C /* Base */ = {isa = PBXFileReference; lastKnownFileType = file.storyboard; name = Base; path = Base.lproj/Main.storyboard; sourceTree = "<group>"; };
		C1E8DDCB22259E3500536A5C /* Assets.xcassets */ = {isa = PBXFileReference; lastKnownFileType = folder.assetcatalog; path = Assets.xcassets; sourceTree = "<group>"; };
		C1E8DDCE22259E3500536A5C /* Base */ = {isa = PBXFileReference; lastKnownFileType = file.storyboard; name = Base; path = Base.lproj/LaunchScreen.storyboard; sourceTree = "<group>"; };
		C1E8DDD022259E3500536A5C /* Info.plist */ = {isa = PBXFileReference; lastKnownFileType = text.plist.xml; path = Info.plist; sourceTree = "<group>"; };
/* End PBXFileReference section */

/* Begin PBXFrameworksBuildPhase section */
		1084899E224415A1004D37A8 /* Frameworks */ = {
			isa = PBXFrameworksBuildPhase;
			buildActionMask = 2147483647;
			files = (
			);
			runOnlyForDeploymentPostprocessing = 0;
		};
		108489B5224415A4004D37A8 /* Frameworks */ = {
			isa = PBXFrameworksBuildPhase;
			buildActionMask = 2147483647;
			files = (
			);
			runOnlyForDeploymentPostprocessing = 0;
		};
		108489C0224415A4004D37A8 /* Frameworks */ = {
			isa = PBXFrameworksBuildPhase;
			buildActionMask = 2147483647;
			files = (
			);
			runOnlyForDeploymentPostprocessing = 0;
		};
		108489D4224415FF004D37A8 /* Frameworks */ = {
			isa = PBXFrameworksBuildPhase;
			buildActionMask = 2147483647;
			files = (
			);
			runOnlyForDeploymentPostprocessing = 0;
		};
		108489E22244160B004D37A8 /* Frameworks */ = {
			isa = PBXFrameworksBuildPhase;
			buildActionMask = 2147483647;
			files = (
			);
			runOnlyForDeploymentPostprocessing = 0;
		};
		C1E8DDBE22259E3400536A5C /* Frameworks */ = {
			isa = PBXFrameworksBuildPhase;
			buildActionMask = 2147483647;
			files = (
				C18E1D3722410D0E00B5F51C /* libc++.tbd in Frameworks */,
			);
			runOnlyForDeploymentPostprocessing = 0;
		};
/* End PBXFrameworksBuildPhase section */

/* Begin PBXGroup section */
		108489A2224415A1004D37A8 /* TranslateExampleObjC */ = {
			isa = PBXGroup;
			children = (
				108489A3224415A1004D37A8 /* AppDelegate.h */,
				108489A4224415A1004D37A8 /* AppDelegate.m */,
				108489A6224415A1004D37A8 /* ViewController.h */,
				108489A7224415A1004D37A8 /* ViewController.m */,
				108489B2224415A4004D37A8 /* main.m */,
			);
			path = TranslateExampleObjC;
			sourceTree = "<group>";
		};
		108489BB224415A4004D37A8 /* TranslateExampleObjCTests */ = {
			isa = PBXGroup;
			children = (
				108489BC224415A4004D37A8 /* TranslateExampleObjCTests.m */,
				108489BE224415A4004D37A8 /* Info.plist */,
			);
			path = TranslateExampleObjCTests;
			sourceTree = "<group>";
		};
		108489C6224415A5004D37A8 /* TranslateExampleObjCUITests */ = {
			isa = PBXGroup;
			children = (
				108489C7224415A5004D37A8 /* TranslateExampleObjCUITests.m */,
				108489C9224415A5004D37A8 /* Info.plist */,
			);
			path = TranslateExampleObjCUITests;
			sourceTree = "<group>";
		};
		108489D8224415FF004D37A8 /* TranslateExampleTests */ = {
			isa = PBXGroup;
			children = (
				108489D9224415FF004D37A8 /* TranslateExampleTests.swift */,
				108489DB22441600004D37A8 /* Info.plist */,
			);
			path = TranslateExampleTests;
			sourceTree = "<group>";
		};
		108489E62244160B004D37A8 /* TranslateExampleUITests */ = {
			isa = PBXGroup;
			children = (
				108489E72244160B004D37A8 /* TranslateExampleUITests.swift */,
				108489E92244160B004D37A8 /* Info.plist */,
			);
			path = TranslateExampleUITests;
			sourceTree = "<group>";
		};
		65AC6D81F1B268042A1E4A79 /* Frameworks */ = {
			isa = PBXGroup;
			children = (
				C18E1D3622410D0E00B5F51C /* libc++.tbd */,
			);
			name = Frameworks;
			sourceTree = "<group>";
		};
		C1E8DDB822259E3400536A5C = {
			isa = PBXGroup;
			children = (
				C1E8DDC322259E3400536A5C /* TranslateExample */,
				108489A2224415A1004D37A8 /* TranslateExampleObjC */,
				108489BB224415A4004D37A8 /* TranslateExampleObjCTests */,
				108489C6224415A5004D37A8 /* TranslateExampleObjCUITests */,
				108489D8224415FF004D37A8 /* TranslateExampleTests */,
				108489E62244160B004D37A8 /* TranslateExampleUITests */,
				C1E8DDC222259E3400536A5C /* Products */,
				65AC6D81F1B268042A1E4A79 /* Frameworks */,
				E7C45F3A2FC5CB6A04E2E3FF /* Pods */,
			);
			sourceTree = "<group>";
		};
		C1E8DDC222259E3400536A5C /* Products */ = {
			isa = PBXGroup;
			children = (
				C1E8DDC122259E3400536A5C /* TranslateExample.app */,
				108489A1224415A1004D37A8 /* TranslateExampleObjC.app */,
				108489B8224415A4004D37A8 /* TranslateExampleObjCTests.xctest */,
				108489C3224415A4004D37A8 /* TranslateExampleObjCUITests.xctest */,
				108489D7224415FF004D37A8 /* TranslateExampleTests.xctest */,
				108489E52244160B004D37A8 /* TranslateExampleUITests.xctest */,
			);
			name = Products;
			sourceTree = "<group>";
		};
		C1E8DDC322259E3400536A5C /* TranslateExample */ = {
			isa = PBXGroup;
			children = (
				C1E8DDC422259E3400536A5C /* AppDelegate.swift */,
				C1E8DDC622259E3400536A5C /* ViewController.swift */,
				C1E8DDC822259E3400536A5C /* Main.storyboard */,
				C1E8DDCB22259E3500536A5C /* Assets.xcassets */,
				C1E8DDCD22259E3500536A5C /* LaunchScreen.storyboard */,
				C1E8DDD022259E3500536A5C /* Info.plist */,
			);
			path = TranslateExample;
			sourceTree = "<group>";
		};
		E7C45F3A2FC5CB6A04E2E3FF /* Pods */ = {
			isa = PBXGroup;
			children = (
			);
			path = Pods;
			sourceTree = "<group>";
		};
/* End PBXGroup section */

/* Begin PBXNativeTarget section */
		108489A0224415A1004D37A8 /* TranslateExampleObjC */ = {
			isa = PBXNativeTarget;
			buildConfigurationList = 108489D0224415A5004D37A8 /* Build configuration list for PBXNativeTarget "TranslateExampleObjC" */;
			buildPhases = (
				1084899D224415A1004D37A8 /* Sources */,
				1084899E224415A1004D37A8 /* Frameworks */,
				1084899F224415A1004D37A8 /* Resources */,
			);
			buildRules = (
			);
			dependencies = (
			);
			name = TranslateExampleObjC;
			productName = TranslateExampleObjC;
			productReference = 108489A1224415A1004D37A8 /* TranslateExampleObjC.app */;
			productType = "com.apple.product-type.application";
		};
		108489B7224415A4004D37A8 /* TranslateExampleObjCTests */ = {
			isa = PBXNativeTarget;
			buildConfigurationList = 108489D1224415A5004D37A8 /* Build configuration list for PBXNativeTarget "TranslateExampleObjCTests" */;
			buildPhases = (
				108489B4224415A4004D37A8 /* Sources */,
				108489B5224415A4004D37A8 /* Frameworks */,
				108489B6224415A4004D37A8 /* Resources */,
			);
			buildRules = (
			);
			dependencies = (
				108489BA224415A4004D37A8 /* PBXTargetDependency */,
			);
			name = TranslateExampleObjCTests;
			productName = TranslateExampleObjCTests;
			productReference = 108489B8224415A4004D37A8 /* TranslateExampleObjCTests.xctest */;
			productType = "com.apple.product-type.bundle.unit-test";
		};
		108489C2224415A4004D37A8 /* TranslateExampleObjCUITests */ = {
			isa = PBXNativeTarget;
			buildConfigurationList = 108489D2224415A5004D37A8 /* Build configuration list for PBXNativeTarget "TranslateExampleObjCUITests" */;
			buildPhases = (
				108489BF224415A4004D37A8 /* Sources */,
				108489C0224415A4004D37A8 /* Frameworks */,
				108489C1224415A4004D37A8 /* Resources */,
			);
			buildRules = (
			);
			dependencies = (
				108489C5224415A5004D37A8 /* PBXTargetDependency */,
			);
			name = TranslateExampleObjCUITests;
			productName = TranslateExampleObjCUITests;
			productReference = 108489C3224415A4004D37A8 /* TranslateExampleObjCUITests.xctest */;
			productType = "com.apple.product-type.bundle.ui-testing";
		};
		108489D6224415FF004D37A8 /* TranslateExampleTests */ = {
			isa = PBXNativeTarget;
			buildConfigurationList = 108489DE22441600004D37A8 /* Build configuration list for PBXNativeTarget "TranslateExampleTests" */;
			buildPhases = (
				108489D3224415FF004D37A8 /* Sources */,
				108489D4224415FF004D37A8 /* Frameworks */,
				108489D5224415FF004D37A8 /* Resources */,
			);
			buildRules = (
			);
			dependencies = (
				108489DD22441600004D37A8 /* PBXTargetDependency */,
			);
			name = TranslateExampleTests;
			productName = TranslateExampleTests;
			productReference = 108489D7224415FF004D37A8 /* TranslateExampleTests.xctest */;
			productType = "com.apple.product-type.bundle.unit-test";
		};
		108489E42244160B004D37A8 /* TranslateExampleUITests */ = {
			isa = PBXNativeTarget;
			buildConfigurationList = 108489EC2244160B004D37A8 /* Build configuration list for PBXNativeTarget "TranslateExampleUITests" */;
			buildPhases = (
				108489E12244160B004D37A8 /* Sources */,
				108489E22244160B004D37A8 /* Frameworks */,
				108489E32244160B004D37A8 /* Resources */,
			);
			buildRules = (
			);
			dependencies = (
				108489EB2244160B004D37A8 /* PBXTargetDependency */,
			);
			name = TranslateExampleUITests;
			productName = TranslateExampleUITests;
			productReference = 108489E52244160B004D37A8 /* TranslateExampleUITests.xctest */;
			productType = "com.apple.product-type.bundle.ui-testing";
		};
		C1E8DDC022259E3400536A5C /* TranslateExample */ = {
			isa = PBXNativeTarget;
			buildConfigurationList = C1E8DDD322259E3500536A5C /* Build configuration list for PBXNativeTarget "TranslateExample" */;
			buildPhases = (
				C1E8DDBD22259E3400536A5C /* Sources */,
				C1E8DDBE22259E3400536A5C /* Frameworks */,
				C1E8DDBF22259E3400536A5C /* Resources */,
			);
			buildRules = (
			);
			dependencies = (
			);
			name = TranslateExample;
			productName = TranslateApp;
			productReference = C1E8DDC122259E3400536A5C /* TranslateExample.app */;
			productType = "com.apple.product-type.application";
		};
/* End PBXNativeTarget section */

/* Begin PBXProject section */
		C1E8DDB922259E3400536A5C /* Project object */ = {
			isa = PBXProject;
			attributes = {
				LastSwiftUpdateCheck = 1010;
				LastUpgradeCheck = 1010;
				ORGANIZATIONNAME = "Google Inc";
				TargetAttributes = {
					108489A0224415A1004D37A8 = {
						CreatedOnToolsVersion = 10.1;
					};
					108489B7224415A4004D37A8 = {
						CreatedOnToolsVersion = 10.1;
						TestTargetID = 108489A0224415A1004D37A8;
					};
					108489C2224415A4004D37A8 = {
						CreatedOnToolsVersion = 10.1;
						TestTargetID = 108489A0224415A1004D37A8;
					};
					108489D6224415FF004D37A8 = {
						CreatedOnToolsVersion = 10.1;
						LastSwiftMigration = 1130;
						TestTargetID = C1E8DDC022259E3400536A5C;
					};
					108489E42244160B004D37A8 = {
						CreatedOnToolsVersion = 10.1;
						LastSwiftMigration = 1130;
						TestTargetID = C1E8DDC022259E3400536A5C;
					};
					C1E8DDC022259E3400536A5C = {
						CreatedOnToolsVersion = 10.1;
						LastSwiftMigration = 1130;
					};
				};
			};
			buildConfigurationList = C1E8DDBC22259E3400536A5C /* Build configuration list for PBXProject "TranslateExample" */;
			compatibilityVersion = "Xcode 9.3";
			developmentRegion = en;
			hasScannedForEncodings = 0;
			knownRegions = (
				en,
				Base,
			);
			mainGroup = C1E8DDB822259E3400536A5C;
			productRefGroup = C1E8DDC222259E3400536A5C /* Products */;
			projectDirPath = "";
			projectRoot = "";
			targets = (
				C1E8DDC022259E3400536A5C /* TranslateExample */,
				108489A0224415A1004D37A8 /* TranslateExampleObjC */,
				108489B7224415A4004D37A8 /* TranslateExampleObjCTests */,
				108489C2224415A4004D37A8 /* TranslateExampleObjCUITests */,
				108489D6224415FF004D37A8 /* TranslateExampleTests */,
				108489E42244160B004D37A8 /* TranslateExampleUITests */,
			);
		};
/* End PBXProject section */

/* Begin PBXResourcesBuildPhase section */
		1084899F224415A1004D37A8 /* Resources */ = {
			isa = PBXResourcesBuildPhase;
			buildActionMask = 2147483647;
			files = (
				108489F8224531B9004D37A8 /* Main.storyboard in Resources */,
				108489F9224531BF004D37A8 /* LaunchScreen.storyboard in Resources */,
				108489F7224531B6004D37A8 /* Assets.xcassets in Resources */,
			);
			runOnlyForDeploymentPostprocessing = 0;
		};
		108489B6224415A4004D37A8 /* Resources */ = {
			isa = PBXResourcesBuildPhase;
			buildActionMask = 2147483647;
			files = (
			);
			runOnlyForDeploymentPostprocessing = 0;
		};
		108489C1224415A4004D37A8 /* Resources */ = {
			isa = PBXResourcesBuildPhase;
			buildActionMask = 2147483647;
			files = (
			);
			runOnlyForDeploymentPostprocessing = 0;
		};
		108489D5224415FF004D37A8 /* Resources */ = {
			isa = PBXResourcesBuildPhase;
			buildActionMask = 2147483647;
			files = (
			);
			runOnlyForDeploymentPostprocessing = 0;
		};
		108489E32244160B004D37A8 /* Resources */ = {
			isa = PBXResourcesBuildPhase;
			buildActionMask = 2147483647;
			files = (
			);
			runOnlyForDeploymentPostprocessing = 0;
		};
		C1E8DDBF22259E3400536A5C /* Resources */ = {
			isa = PBXResourcesBuildPhase;
			buildActionMask = 2147483647;
			files = (
				C1E8DDCF22259E3500536A5C /* LaunchScreen.storyboard in Resources */,
				C1E8DDCC22259E3500536A5C /* Assets.xcassets in Resources */,
				C1E8DDCA22259E3400536A5C /* Main.storyboard in Resources */,
			);
			runOnlyForDeploymentPostprocessing = 0;
		};
/* End PBXResourcesBuildPhase section */

/* Begin PBXSourcesBuildPhase section */
		1084899D224415A1004D37A8 /* Sources */ = {
			isa = PBXSourcesBuildPhase;
			buildActionMask = 2147483647;
			files = (
				108489A8224415A1004D37A8 /* ViewController.m in Sources */,
				108489B3224415A4004D37A8 /* main.m in Sources */,
				108489A5224415A1004D37A8 /* AppDelegate.m in Sources */,
			);
			runOnlyForDeploymentPostprocessing = 0;
		};
		108489B4224415A4004D37A8 /* Sources */ = {
			isa = PBXSourcesBuildPhase;
			buildActionMask = 2147483647;
			files = (
				108489BD224415A4004D37A8 /* TranslateExampleObjCTests.m in Sources */,
			);
			runOnlyForDeploymentPostprocessing = 0;
		};
		108489BF224415A4004D37A8 /* Sources */ = {
			isa = PBXSourcesBuildPhase;
			buildActionMask = 2147483647;
			files = (
				108489C8224415A5004D37A8 /* TranslateExampleObjCUITests.m in Sources */,
			);
			runOnlyForDeploymentPostprocessing = 0;
		};
		108489D3224415FF004D37A8 /* Sources */ = {
			isa = PBXSourcesBuildPhase;
			buildActionMask = 2147483647;
			files = (
				108489DA224415FF004D37A8 /* TranslateExampleTests.swift in Sources */,
			);
			runOnlyForDeploymentPostprocessing = 0;
		};
		108489E12244160B004D37A8 /* Sources */ = {
			isa = PBXSourcesBuildPhase;
			buildActionMask = 2147483647;
			files = (
				108489E82244160B004D37A8 /* TranslateExampleUITests.swift in Sources */,
			);
			runOnlyForDeploymentPostprocessing = 0;
		};
		C1E8DDBD22259E3400536A5C /* Sources */ = {
			isa = PBXSourcesBuildPhase;
			buildActionMask = 2147483647;
			files = (
				C1E8DDC722259E3400536A5C /* ViewController.swift in Sources */,
				C1E8DDC522259E3400536A5C /* AppDelegate.swift in Sources */,
			);
			runOnlyForDeploymentPostprocessing = 0;
		};
/* End PBXSourcesBuildPhase section */

/* Begin PBXTargetDependency section */
		108489BA224415A4004D37A8 /* PBXTargetDependency */ = {
			isa = PBXTargetDependency;
			target = 108489A0224415A1004D37A8 /* TranslateExampleObjC */;
			targetProxy = 108489B9224415A4004D37A8 /* PBXContainerItemProxy */;
		};
		108489C5224415A5004D37A8 /* PBXTargetDependency */ = {
			isa = PBXTargetDependency;
			target = 108489A0224415A1004D37A8 /* TranslateExampleObjC */;
			targetProxy = 108489C4224415A5004D37A8 /* PBXContainerItemProxy */;
		};
		108489DD22441600004D37A8 /* PBXTargetDependency */ = {
			isa = PBXTargetDependency;
			target = C1E8DDC022259E3400536A5C /* TranslateExample */;
			targetProxy = 108489DC22441600004D37A8 /* PBXContainerItemProxy */;
		};
		108489EB2244160B004D37A8 /* PBXTargetDependency */ = {
			isa = PBXTargetDependency;
			target = C1E8DDC022259E3400536A5C /* TranslateExample */;
			targetProxy = 108489EA2244160B004D37A8 /* PBXContainerItemProxy */;
		};
/* End PBXTargetDependency section */

/* Begin PBXVariantGroup section */
		C1E8DDC822259E3400536A5C /* Main.storyboard */ = {
			isa = PBXVariantGroup;
			children = (
				C1E8DDC922259E3400536A5C /* Base */,
			);
			name = Main.storyboard;
			sourceTree = "<group>";
		};
		C1E8DDCD22259E3500536A5C /* LaunchScreen.storyboard */ = {
			isa = PBXVariantGroup;
			children = (
				C1E8DDCE22259E3500536A5C /* Base */,
			);
			name = LaunchScreen.storyboard;
			sourceTree = "<group>";
		};
/* End PBXVariantGroup section */

/* Begin XCBuildConfiguration section */
		108489CA224415A5004D37A8 /* Debug */ = {
			isa = XCBuildConfiguration;
			buildSettings = {
				ASSETCATALOG_COMPILER_APPICON_NAME = AppIcon;
				CODE_SIGN_IDENTITY = "Apple Development";
				CODE_SIGN_STYLE = Automatic;
				DEVELOPMENT_TEAM = "";
				INFOPLIST_FILE = "$(SRCROOT)/TranslateExample/Info.plist";
				LD_RUNPATH_SEARCH_PATHS = (
					"$(inherited)",
					"@executable_path/Frameworks",
				);
				PRODUCT_BUNDLE_IDENTIFIER = com.google.mlkitml.sampleapp.translate;
				PRODUCT_NAME = "$(TARGET_NAME)";
				PROVISIONING_PROFILE_SPECIFIER = "";
				TARGETED_DEVICE_FAMILY = "1,2";
				VALID_ARCHS = "x86_64 arm64 arm64e";
			};
			name = Debug;
		};
		108489CB224415A5004D37A8 /* Release */ = {
			isa = XCBuildConfiguration;
			buildSettings = {
				ASSETCATALOG_COMPILER_APPICON_NAME = AppIcon;
				CODE_SIGN_IDENTITY = "Apple Development";
				CODE_SIGN_STYLE = Automatic;
				DEVELOPMENT_TEAM = "";
				INFOPLIST_FILE = "$(SRCROOT)/TranslateExample/Info.plist";
				LD_RUNPATH_SEARCH_PATHS = (
					"$(inherited)",
					"@executable_path/Frameworks",
				);
				PRODUCT_BUNDLE_IDENTIFIER = com.google.mlkitml.sampleapp.translate;
				PRODUCT_NAME = "$(TARGET_NAME)";
				PROVISIONING_PROFILE_SPECIFIER = "";
				TARGETED_DEVICE_FAMILY = "1,2";
				VALID_ARCHS = "x86_64 arm64 arm64e";
			};
			name = Release;
		};
		108489CC224415A5004D37A8 /* Debug */ = {
			isa = XCBuildConfiguration;
			buildSettings = {
				BUNDLE_LOADER = "$(TEST_HOST)";
				CODE_SIGN_STYLE = Automatic;
				INFOPLIST_FILE = TranslateExampleObjCTests/Info.plist;
				LD_RUNPATH_SEARCH_PATHS = (
					"$(inherited)",
					"@executable_path/Frameworks",
					"@loader_path/Frameworks",
				);
				PRODUCT_BUNDLE_IDENTIFIER = com.google.mlkit.quickstart.TranslateExampleObjCTests;
				PRODUCT_NAME = "$(TARGET_NAME)";
				TARGETED_DEVICE_FAMILY = "1,2";
				VALID_ARCHS = "x86_64 arm64 arm64e";
				TEST_HOST = "$(BUILT_PRODUCTS_DIR)/TranslateExampleObjC.app/TranslateExampleObjC";
			};
			name = Debug;
		};
		108489CD224415A5004D37A8 /* Release */ = {
			isa = XCBuildConfiguration;
			buildSettings = {
				BUNDLE_LOADER = "$(TEST_HOST)";
				CODE_SIGN_STYLE = Automatic;
				INFOPLIST_FILE = TranslateExampleObjCTests/Info.plist;
				LD_RUNPATH_SEARCH_PATHS = (
					"$(inherited)",
					"@executable_path/Frameworks",
					"@loader_path/Frameworks",
				);
				PRODUCT_BUNDLE_IDENTIFIER = com.google.mlkit.quickstart.TranslateExampleObjCTests;
				PRODUCT_NAME = "$(TARGET_NAME)";
				TARGETED_DEVICE_FAMILY = "1,2";
				TEST_HOST = "$(BUILT_PRODUCTS_DIR)/TranslateExampleObjC.app/TranslateExampleObjC";
				VALID_ARCHS = "x86_64 arm64 arm64e";
			};
			name = Release;
		};
		108489CE224415A5004D37A8 /* Debug */ = {
			isa = XCBuildConfiguration;
			buildSettings = {
				CODE_SIGN_STYLE = Automatic;
				INFOPLIST_FILE = TranslateExampleObjCUITests/Info.plist;
				LD_RUNPATH_SEARCH_PATHS = (
					"$(inherited)",
					"@executable_path/Frameworks",
					"@loader_path/Frameworks",
				);
				PRODUCT_BUNDLE_IDENTIFIER = com.google.mlkit.quickstart.TranslateExampleObjCUITests;
				PRODUCT_NAME = "$(TARGET_NAME)";
				TARGETED_DEVICE_FAMILY = "1,2";
				TEST_TARGET_NAME = TranslateExampleObjC;
				VALID_ARCHS = "x86_64 arm64 arm64e";
			};
			name = Debug;
		};
		108489CF224415A5004D37A8 /* Release */ = {
			isa = XCBuildConfiguration;
			buildSettings = {
				CODE_SIGN_STYLE = Automatic;
				INFOPLIST_FILE = TranslateExampleObjCUITests/Info.plist;
				LD_RUNPATH_SEARCH_PATHS = (
					"$(inherited)",
					"@executable_path/Frameworks",
					"@loader_path/Frameworks",
				);
				PRODUCT_BUNDLE_IDENTIFIER = com.google.mlkit.quickstart.TranslateExampleObjCUITests;
				PRODUCT_NAME = "$(TARGET_NAME)";
				TARGETED_DEVICE_FAMILY = "1,2";
				TEST_TARGET_NAME = TranslateExampleObjC;
				VALID_ARCHS = "x86_64 arm64 arm64e";
			};
			name = Release;
		};
		108489DF22441600004D37A8 /* Debug */ = {
			isa = XCBuildConfiguration;
			buildSettings = {
				BUNDLE_LOADER = "$(TEST_HOST)";
				CODE_SIGN_STYLE = Automatic;
				INFOPLIST_FILE = TranslateExampleTests/Info.plist;
				LD_RUNPATH_SEARCH_PATHS = (
					"$(inherited)",
					"@executable_path/Frameworks",
					"@loader_path/Frameworks",
				);
				PRODUCT_BUNDLE_IDENTIFIER = com.google.mlkit.quickstart.TranslateExampleTests;
				PRODUCT_NAME = "$(TARGET_NAME)";
				SWIFT_VERSION = 5.0;
				TARGETED_DEVICE_FAMILY = "1,2";
				TEST_HOST = "$(BUILT_PRODUCTS_DIR)/TranslateExample.app/TranslateExample";
				VALID_ARCHS = "x86_64 arm64 arm64e";
			};
			name = Debug;
		};
		108489E022441600004D37A8 /* Release */ = {
			isa = XCBuildConfiguration;
			buildSettings = {
				BUNDLE_LOADER = "$(TEST_HOST)";
				CODE_SIGN_STYLE = Automatic;
				INFOPLIST_FILE = TranslateExampleTests/Info.plist;
				LD_RUNPATH_SEARCH_PATHS = (
					"$(inherited)",
					"@executable_path/Frameworks",
					"@loader_path/Frameworks",
				);
				PRODUCT_BUNDLE_IDENTIFIER = com.google.mlkit.quickstart.TranslateExampleTests;
				PRODUCT_NAME = "$(TARGET_NAME)";
				SWIFT_VERSION = 5.0;
				TARGETED_DEVICE_FAMILY = "1,2";
				TEST_HOST = "$(BUILT_PRODUCTS_DIR)/TranslateExample.app/TranslateExample";
				VALID_ARCHS = "x86_64 arm64 arm64e";
			};
			name = Release;
		};
		108489ED2244160B004D37A8 /* Debug */ = {
			isa = XCBuildConfiguration;
			buildSettings = {
				CODE_SIGN_STYLE = Automatic;
				INFOPLIST_FILE = TranslateExampleUITests/Info.plist;
				LD_RUNPATH_SEARCH_PATHS = (
					"$(inherited)",
					"@executable_path/Frameworks",
					"@loader_path/Frameworks",
				);
				PRODUCT_BUNDLE_IDENTIFIER = com.google.mlkit.quickstart.TranslateExampleUITests;
				PRODUCT_NAME = "$(TARGET_NAME)";
				SWIFT_VERSION = 5.0;
				TARGETED_DEVICE_FAMILY = "1,2";
				TEST_TARGET_NAME = TranslateExample;
				VALID_ARCHS = "x86_64 arm64 arm64e";
			};
			name = Debug;
		};
		108489EE2244160B004D37A8 /* Release */ = {
			isa = XCBuildConfiguration;
			buildSettings = {
				CODE_SIGN_STYLE = Automatic;
				INFOPLIST_FILE = TranslateExampleUITests/Info.plist;
				LD_RUNPATH_SEARCH_PATHS = (
					"$(inherited)",
					"@executable_path/Frameworks",
					"@loader_path/Frameworks",
				);
				PRODUCT_BUNDLE_IDENTIFIER = com.google.mlkit.quickstart.TranslateExampleUITests;
				PRODUCT_NAME = "$(TARGET_NAME)";
				SWIFT_VERSION = 5.0;
				TARGETED_DEVICE_FAMILY = "1,2";
				TEST_TARGET_NAME = TranslateExample;
				VALID_ARCHS = "x86_64 arm64 arm64e";
			};
			name = Release;
		};
		C1E8DDD122259E3500536A5C /* Debug */ = {
			isa = XCBuildConfiguration;
			buildSettings = {
				ALWAYS_SEARCH_USER_PATHS = NO;
				CLANG_ANALYZER_NONNULL = YES;
				CLANG_ANALYZER_NUMBER_OBJECT_CONVERSION = YES_AGGRESSIVE;
				CLANG_CXX_LANGUAGE_STANDARD = "gnu++14";
				CLANG_CXX_LIBRARY = "libc++";
				CLANG_ENABLE_MODULES = YES;
				CLANG_ENABLE_OBJC_ARC = YES;
				CLANG_ENABLE_OBJC_WEAK = YES;
				CLANG_WARN_BLOCK_CAPTURE_AUTORELEASING = YES;
				CLANG_WARN_BOOL_CONVERSION = YES;
				CLANG_WARN_COMMA = YES;
				CLANG_WARN_CONSTANT_CONVERSION = YES;
				CLANG_WARN_DEPRECATED_OBJC_IMPLEMENTATIONS = YES;
				CLANG_WARN_DIRECT_OBJC_ISA_USAGE = YES_ERROR;
				CLANG_WARN_DOCUMENTATION_COMMENTS = YES;
				CLANG_WARN_EMPTY_BODY = YES;
				CLANG_WARN_ENUM_CONVERSION = YES;
				CLANG_WARN_INFINITE_RECURSION = YES;
				CLANG_WARN_INT_CONVERSION = YES;
				CLANG_WARN_NON_LITERAL_NULL_CONVERSION = YES;
				CLANG_WARN_OBJC_IMPLICIT_RETAIN_SELF = YES;
				CLANG_WARN_OBJC_LITERAL_CONVERSION = YES;
				CLANG_WARN_OBJC_ROOT_CLASS = YES_ERROR;
				CLANG_WARN_RANGE_LOOP_ANALYSIS = YES;
				CLANG_WARN_STRICT_PROTOTYPES = YES;
				CLANG_WARN_SUSPICIOUS_MOVE = YES;
				CLANG_WARN_UNGUARDED_AVAILABILITY = YES_AGGRESSIVE;
				CLANG_WARN_UNREACHABLE_CODE = YES;
				CLANG_WARN__DUPLICATE_METHOD_MATCH = YES;
				CODE_SIGN_IDENTITY = "Apple Development";
				COPY_PHASE_STRIP = NO;
				DEBUG_INFORMATION_FORMAT = dwarf;
				ENABLE_STRICT_OBJC_MSGSEND = YES;
				ENABLE_TESTABILITY = YES;
				GCC_C_LANGUAGE_STANDARD = gnu11;
				GCC_DYNAMIC_NO_PIC = NO;
				GCC_NO_COMMON_BLOCKS = YES;
				GCC_OPTIMIZATION_LEVEL = 0;
				GCC_PREPROCESSOR_DEFINITIONS = (
					"DEBUG=1",
					"$(inherited)",
				);
				GCC_WARN_64_TO_32_BIT_CONVERSION = YES;
				GCC_WARN_ABOUT_RETURN_TYPE = YES_ERROR;
				GCC_WARN_UNDECLARED_SELECTOR = YES;
				GCC_WARN_UNINITIALIZED_AUTOS = YES_AGGRESSIVE;
				GCC_WARN_UNUSED_FUNCTION = YES;
				GCC_WARN_UNUSED_VARIABLE = YES;
				IPHONEOS_DEPLOYMENT_TARGET = 10.0;
				MTL_ENABLE_DEBUG_INFO = INCLUDE_SOURCE;
				MTL_FAST_MATH = YES;
				ONLY_ACTIVE_ARCH = YES;
				SDKROOT = iphoneos;
				SWIFT_ACTIVE_COMPILATION_CONDITIONS = DEBUG;
				SWIFT_OPTIMIZATION_LEVEL = "-Onone";
				VALID_ARCHS = "x86_64 arm64 arm64e";
			};
			name = Debug;
		};
		C1E8DDD222259E3500536A5C /* Release */ = {
			isa = XCBuildConfiguration;
			buildSettings = {
				ALWAYS_SEARCH_USER_PATHS = NO;
				CLANG_ANALYZER_NONNULL = YES;
				CLANG_ANALYZER_NUMBER_OBJECT_CONVERSION = YES_AGGRESSIVE;
				CLANG_CXX_LANGUAGE_STANDARD = "gnu++14";
				CLANG_CXX_LIBRARY = "libc++";
				CLANG_ENABLE_MODULES = YES;
				CLANG_ENABLE_OBJC_ARC = YES;
				CLANG_ENABLE_OBJC_WEAK = YES;
				CLANG_WARN_BLOCK_CAPTURE_AUTORELEASING = YES;
				CLANG_WARN_BOOL_CONVERSION = YES;
				CLANG_WARN_COMMA = YES;
				CLANG_WARN_CONSTANT_CONVERSION = YES;
				CLANG_WARN_DEPRECATED_OBJC_IMPLEMENTATIONS = YES;
				CLANG_WARN_DIRECT_OBJC_ISA_USAGE = YES_ERROR;
				CLANG_WARN_DOCUMENTATION_COMMENTS = YES;
				CLANG_WARN_EMPTY_BODY = YES;
				CLANG_WARN_ENUM_CONVERSION = YES;
				CLANG_WARN_INFINITE_RECURSION = YES;
				CLANG_WARN_INT_CONVERSION = YES;
				CLANG_WARN_NON_LITERAL_NULL_CONVERSION = YES;
				CLANG_WARN_OBJC_IMPLICIT_RETAIN_SELF = YES;
				CLANG_WARN_OBJC_LITERAL_CONVERSION = YES;
				CLANG_WARN_OBJC_ROOT_CLASS = YES_ERROR;
				CLANG_WARN_RANGE_LOOP_ANALYSIS = YES;
				CLANG_WARN_STRICT_PROTOTYPES = YES;
				CLANG_WARN_SUSPICIOUS_MOVE = YES;
				CLANG_WARN_UNGUARDED_AVAILABILITY = YES_AGGRESSIVE;
				CLANG_WARN_UNREACHABLE_CODE = YES;
				CLANG_WARN__DUPLICATE_METHOD_MATCH = YES;
				CODE_SIGN_IDENTITY = "Apple Development";
				COPY_PHASE_STRIP = NO;
				DEBUG_INFORMATION_FORMAT = "dwarf-with-dsym";
				ENABLE_NS_ASSERTIONS = NO;
				ENABLE_STRICT_OBJC_MSGSEND = YES;
				GCC_C_LANGUAGE_STANDARD = gnu11;
				GCC_NO_COMMON_BLOCKS = YES;
				GCC_WARN_64_TO_32_BIT_CONVERSION = YES;
				GCC_WARN_ABOUT_RETURN_TYPE = YES_ERROR;
				GCC_WARN_UNDECLARED_SELECTOR = YES;
				GCC_WARN_UNINITIALIZED_AUTOS = YES_AGGRESSIVE;
				GCC_WARN_UNUSED_FUNCTION = YES;
				GCC_WARN_UNUSED_VARIABLE = YES;
				IPHONEOS_DEPLOYMENT_TARGET = 10.0;
				MTL_ENABLE_DEBUG_INFO = NO;
				MTL_FAST_MATH = YES;
				SDKROOT = iphoneos;
				SWIFT_COMPILATION_MODE = wholemodule;
				SWIFT_OPTIMIZATION_LEVEL = "-O";
				VALIDATE_PRODUCT = YES;
				VALID_ARCHS = "x86_64 arm64 arm64e";
			};
			name = Release;
		};
		C1E8DDD422259E3500536A5C /* Debug */ = {
			isa = XCBuildConfiguration;
			buildSettings = {
				ASSETCATALOG_COMPILER_APPICON_NAME = AppIcon;
				CODE_SIGN_IDENTITY = "Apple Development";
				CODE_SIGN_STYLE = Automatic;
				DEVELOPMENT_TEAM = "";
				ENABLE_BITCODE = YES;
				INFOPLIST_FILE = "$(SRCROOT)/TranslateExample/Info.plist";
				IPHONEOS_DEPLOYMENT_TARGET = 9.0;
				LD_RUNPATH_SEARCH_PATHS = (
					"$(inherited)",
					"@executable_path/Frameworks",
				);
				"OTHER_SWIFT_FLAGS[arch=*]" = "-D COCOAPODS";
				PRODUCT_BUNDLE_IDENTIFIER = com.google.mlkit.sampleapp.translate;
				PRODUCT_NAME = "$(TARGET_NAME)";
				PROVISIONING_PROFILE_SPECIFIER = "";
				SWIFT_VERSION = 5.0;
				TARGETED_DEVICE_FAMILY = "1,2";
				VALID_ARCHS = "x86_64 arm64 arm64e";
			};
			name = Debug;
		};
		C1E8DDD522259E3500536A5C /* Release */ = {
			isa = XCBuildConfiguration;
			buildSettings = {
				ASSETCATALOG_COMPILER_APPICON_NAME = AppIcon;
				CODE_SIGN_IDENTITY = "Apple Development";
				CODE_SIGN_STYLE = Automatic;
				DEVELOPMENT_TEAM = "";
				ENABLE_BITCODE = YES;
				INFOPLIST_FILE = "$(SRCROOT)/TranslateExample/Info.plist";
				IPHONEOS_DEPLOYMENT_TARGET = 9.0;
				LD_RUNPATH_SEARCH_PATHS = (
					"$(inherited)",
					"@executable_path/Frameworks",
				);
				PRODUCT_BUNDLE_IDENTIFIER = com.google.mlkit.sampleapp.translate;
				PRODUCT_NAME = "$(TARGET_NAME)";
				PROVISIONING_PROFILE_SPECIFIER = "";
				SWIFT_VERSION = 5.0;
				TARGETED_DEVICE_FAMILY = "1,2";
				VALID_ARCHS = "x86_64 arm64 arm64e";
			};
			name = Release;
		};
/* End XCBuildConfiguration section */

/* Begin XCConfigurationList section */
		108489D0224415A5004D37A8 /* Build configuration list for PBXNativeTarget "TranslateExampleObjC" */ = {
			isa = XCConfigurationList;
			buildConfigurations = (
				108489CA224415A5004D37A8 /* Debug */,
				108489CB224415A5004D37A8 /* Release */,
			);
			defaultConfigurationIsVisible = 0;
			defaultConfigurationName = Release;
		};
		108489D1224415A5004D37A8 /* Build configuration list for PBXNativeTarget "TranslateExampleObjCTests" */ = {
			isa = XCConfigurationList;
			buildConfigurations = (
				108489CC224415A5004D37A8 /* Debug */,
				108489CD224415A5004D37A8 /* Release */,
			);
			defaultConfigurationIsVisible = 0;
			defaultConfigurationName = Release;
		};
		108489D2224415A5004D37A8 /* Build configuration list for PBXNativeTarget "TranslateExampleObjCUITests" */ = {
			isa = XCConfigurationList;
			buildConfigurations = (
				108489CE224415A5004D37A8 /* Debug */,
				108489CF224415A5004D37A8 /* Release */,
			);
			defaultConfigurationIsVisible = 0;
			defaultConfigurationName = Release;
		};
		108489DE22441600004D37A8 /* Build configuration list for PBXNativeTarget "TranslateExampleTests" */ = {
			isa = XCConfigurationList;
			buildConfigurations = (
				108489DF22441600004D37A8 /* Debug */,
				108489E022441600004D37A8 /* Release */,
			);
			defaultConfigurationIsVisible = 0;
			defaultConfigurationName = Release;
		};
		108489EC2244160B004D37A8 /* Build configuration list for PBXNativeTarget "TranslateExampleUITests" */ = {
			isa = XCConfigurationList;
			buildConfigurations = (
				108489ED2244160B004D37A8 /* Debug */,
				108489EE2244160B004D37A8 /* Release */,
			);
			defaultConfigurationIsVisible = 0;
			defaultConfigurationName = Release;
		};
		C1E8DDBC22259E3400536A5C /* Build configuration list for PBXProject "TranslateExample" */ = {
			isa = XCConfigurationList;
			buildConfigurations = (
				C1E8DDD122259E3500536A5C /* Debug */,
				C1E8DDD222259E3500536A5C /* Release */,
			);
			defaultConfigurationIsVisible = 0;
			defaultConfigurationName = Release;
		};
		C1E8DDD322259E3500536A5C /* Build configuration list for PBXNativeTarget "TranslateExample" */ = {
			isa = XCConfigurationList;
			buildConfigurations = (
				C1E8DDD422259E3500536A5C /* Debug */,
				C1E8DDD522259E3500536A5C /* Release */,
			);
			defaultConfigurationIsVisible = 0;
			defaultConfigurationName = Release;
		};
/* End XCConfigurationList section */
	};
	rootObject = C1E8DDB922259E3400536A5C /* Project object */;
}
