// !$*UTF8*$!
{
	archiveVersion = 1;
	classes = {
	};
	objectVersion = 48;
	objects = {

/* Begin PBXBuildFile section */
		1001E6F720CEE0DD00445CB3 /* UIUtilities.swift in Sources */ = {isa = PBXBuildFile; fileRef = 1001E6F620CEE0DD00445CB3 /* UIUtilities.swift */; };
		1001E6F920CF021E00445CB3 /* CameraViewController.swift in Sources */ = {isa = PBXBuildFile; fileRef = 1001E6F820CF021E00445CB3 /* CameraViewController.swift */; };
		1001E6FD20CF0C8F00445CB3 /* Assets.xcassets in Resources */ = {isa = PBXBuildFile; fileRef = 1001E6FC20CF0C8F00445CB3 /* Assets.xcassets */; };
		10224B582087E43100A77316 /* ViewController.swift in Sources */ = {isa = PBXBuildFile; fileRef = 10224B572087E43100A77316 /* ViewController.swift */; };
		10224B762087E5A900A77316 /* grace_hopper.jpg in Resources */ = {isa = PBXBuildFile; fileRef = 10224B702087E5A900A77316 /* grace_hopper.jpg */; };
		1077670E210FBBB6007A19A7 /* liberty.jpg in Resources */ = {isa = PBXBuildFile; fileRef = 1077670D210FBBB6007A19A7 /* liberty.jpg */; };
		1077670F210FBBB6007A19A7 /* liberty.jpg in Resources */ = {isa = PBXBuildFile; fileRef = 1077670D210FBBB6007A19A7 /* liberty.jpg */; };
		10E114E420E5CBAA0013E4A4 /* AppDelegate.m in Sources */ = {isa = PBXBuildFile; fileRef = 10E114E320E5CBAA0013E4A4 /* AppDelegate.m */; };
		10E114E720E5CBAA0013E4A4 /* ViewController.m in Sources */ = {isa = PBXBuildFile; fileRef = 10E114E620E5CBAA0013E4A4 /* ViewController.m */; };
		10E114F220E5CBAE0013E4A4 /* main.m in Sources */ = {isa = PBXBuildFile; fileRef = 10E114F120E5CBAE0013E4A4 /* main.m */; };
		10E1151420EBF5EB0013E4A4 /* UIUtilities.m in Sources */ = {isa = PBXBuildFile; fileRef = 10E1151320EBF5EB0013E4A4 /* UIUtilities.m */; };
		10E1151720EBF6220013E4A4 /* CameraViewController.m in Sources */ = {isa = PBXBuildFile; fileRef = 10E1151620EBF6220013E4A4 /* CameraViewController.m */; };
		10E1151A20EBF7E10013E4A4 /* UIImage+VisionDetection.m in Sources */ = {isa = PBXBuildFile; fileRef = 10E1151920EBF7E10013E4A4 /* UIImage+VisionDetection.m */; };
		10E1152120F3D5F60013E4A4 /* Main.storyboard in Resources */ = {isa = PBXBuildFile; fileRef = BB287B3C20729CE90069707A /* Main.storyboard */; };
		10E1152520F3DFE20013E4A4 /* Assets.xcassets in Resources */ = {isa = PBXBuildFile; fileRef = 1001E6FC20CF0C8F00445CB3 /* Assets.xcassets */; };
		10E1152620F3E0930013E4A4 /* grace_hopper.jpg in Resources */ = {isa = PBXBuildFile; fileRef = 10224B702087E5A900A77316 /* grace_hopper.jpg */; };
		10E1152720F3E0960013E4A4 /* barcode_128.png in Resources */ = {isa = PBXBuildFile; fileRef = 7202DC6620D0C1A300034C35 /* barcode_128.png */; };
		10E1152820F3E0990013E4A4 /* beach.jpg in Resources */ = {isa = PBXBuildFile; fileRef = 7202DC6720D0C1A300034C35 /* beach.jpg */; };
		10E1152920F3E09C0013E4A4 /* image_has_text.jpg in Resources */ = {isa = PBXBuildFile; fileRef = 7202DC6520D0C1A300034C35 /* image_has_text.jpg */; };
		10E1152A20F3E09F0013E4A4 /* qr_code.jpg in Resources */ = {isa = PBXBuildFile; fileRef = 7202DC6420D0C1A300034C35 /* qr_code.jpg */; };
		1BB7EC7226AB69660082BEE8 /* chinese_sparse.png in Resources */ = {isa = PBXBuildFile; fileRef = 1BB7EC6E26AB69650082BEE8 /* chinese_sparse.png */; };
		1BB7EC7326AB69660082BEE8 /* chinese_sparse.png in Resources */ = {isa = PBXBuildFile; fileRef = 1BB7EC6E26AB69650082BEE8 /* chinese_sparse.png */; };
		1BB7EC7426AB69660082BEE8 /* japanese_sparse.png in Resources */ = {isa = PBXBuildFile; fileRef = 1BB7EC6F26AB69650082BEE8 /* japanese_sparse.png */; };
		1BB7EC7526AB69660082BEE8 /* japanese_sparse.png in Resources */ = {isa = PBXBuildFile; fileRef = 1BB7EC6F26AB69650082BEE8 /* japanese_sparse.png */; };
		1BB7EC7626AB69660082BEE8 /* devanagari_sparse.png in Resources */ = {isa = PBXBuildFile; fileRef = 1BB7EC7026AB69650082BEE8 /* devanagari_sparse.png */; };
		1BB7EC7726AB69660082BEE8 /* devanagari_sparse.png in Resources */ = {isa = PBXBuildFile; fileRef = 1BB7EC7026AB69650082BEE8 /* devanagari_sparse.png */; };
		1BB7EC7826AB69660082BEE8 /* korean_sparse.png in Resources */ = {isa = PBXBuildFile; fileRef = 1BB7EC7126AB69660082BEE8 /* korean_sparse.png */; };
		1BB7EC7926AB69660082BEE8 /* korean_sparse.png in Resources */ = {isa = PBXBuildFile; fileRef = 1BB7EC7126AB69660082BEE8 /* korean_sparse.png */; };
		4ADD356323BAC29A001277A7 /* MLKitExtensions.swift in Sources */ = {isa = PBXBuildFile; fileRef = 10224B5B2087E49F00A77316 /* MLKitExtensions.swift */; };
		7202DC6920D0C1A300034C35 /* qr_code.jpg in Resources */ = {isa = PBXBuildFile; fileRef = 7202DC6420D0C1A300034C35 /* qr_code.jpg */; };
		7202DC6A20D0C1A300034C35 /* image_has_text.jpg in Resources */ = {isa = PBXBuildFile; fileRef = 7202DC6520D0C1A300034C35 /* image_has_text.jpg */; };
		7202DC6B20D0C1A300034C35 /* barcode_128.png in Resources */ = {isa = PBXBuildFile; fileRef = 7202DC6620D0C1A300034C35 /* barcode_128.png */; };
		7202DC6C20D0C1A300034C35 /* beach.jpg in Resources */ = {isa = PBXBuildFile; fileRef = 7202DC6720D0C1A300034C35 /* beach.jpg */; };
		A4F89299243BB4BF00B58767 /* bird.tflite in Resources */ = {isa = PBXBuildFile; fileRef = A4F89297243BB4BE00B58767 /* bird.tflite */; };
		A4F8929A243BB4BF00B58767 /* bird.tflite in Resources */ = {isa = PBXBuildFile; fileRef = A4F89297243BB4BE00B58767 /* bird.tflite */; };
		A4F8929B243BB4BF00B58767 /* bird.jpg in Resources */ = {isa = PBXBuildFile; fileRef = A4F89298243BB4BF00B58767 /* bird.jpg */; };
		A4F8929C243BB4BF00B58767 /* bird.jpg in Resources */ = {isa = PBXBuildFile; fileRef = A4F89298243BB4BF00B58767 /* bird.jpg */; };
		BB287B3920729CE90069707A /* AppDelegate.swift in Sources */ = {isa = PBXBuildFile; fileRef = BB287B3820729CE90069707A /* AppDelegate.swift */; };
		BB287B3E20729CE90069707A /* Main.storyboard in Resources */ = {isa = PBXBuildFile; fileRef = BB287B3C20729CE90069707A /* Main.storyboard */; };
/* End PBXBuildFile section */


/* Begin PBXFileReference section */
		1001E6F620CEE0DD00445CB3 /* UIUtilities.swift */ = {isa = PBXFileReference; lastKnownFileType = sourcecode.swift; path = UIUtilities.swift; sourceTree = "<group>"; };
		1001E6F820CF021E00445CB3 /* CameraViewController.swift */ = {isa = PBXFileReference; lastKnownFileType = sourcecode.swift; path = CameraViewController.swift; sourceTree = "<group>"; };
		1001E6FC20CF0C8F00445CB3 /* Assets.xcassets */ = {isa = PBXFileReference; lastKnownFileType = folder.assetcatalog; path = Assets.xcassets; sourceTree = "<group>"; };
		10224B572087E43100A77316 /* ViewController.swift */ = {isa = PBXFileReference; lastKnownFileType = sourcecode.swift; path = ViewController.swift; sourceTree = "<group>"; };
		10224B5B2087E49F00A77316 /* MLKitExtensions.swift */ = {isa = PBXFileReference; fileEncoding = 4; lastKnownFileType = sourcecode.swift; path = MLKitExtensions.swift; sourceTree = "<group>"; };
		10224B702087E5A900A77316 /* grace_hopper.jpg */ = {isa = PBXFileReference; lastKnownFileType = image.jpeg; name = grace_hopper.jpg; path = Resources/grace_hopper.jpg; sourceTree = "<group>"; };
		1077670D210FBBB6007A19A7 /* liberty.jpg */ = {isa = PBXFileReference; lastKnownFileType = image.jpeg; path = liberty.jpg; sourceTree = "<group>"; };
		10E114E020E5CBAA0013E4A4 /* VisionExampleObjC.app */ = {isa = PBXFileReference; explicitFileType = wrapper.application; includeInIndex = 0; path = VisionExampleObjC.app; sourceTree = BUILT_PRODUCTS_DIR; };
		10E114E220E5CBAA0013E4A4 /* AppDelegate.h */ = {isa = PBXFileReference; lastKnownFileType = sourcecode.c.h; path = AppDelegate.h; sourceTree = "<group>"; };
		10E114E320E5CBAA0013E4A4 /* AppDelegate.m */ = {isa = PBXFileReference; lastKnownFileType = sourcecode.c.objc; path = AppDelegate.m; sourceTree = "<group>"; };
		10E114E520E5CBAA0013E4A4 /* ViewController.h */ = {isa = PBXFileReference; lastKnownFileType = sourcecode.c.h; path = ViewController.h; sourceTree = "<group>"; };
		10E114E620E5CBAA0013E4A4 /* ViewController.m */ = {isa = PBXFileReference; lastKnownFileType = sourcecode.c.objc; path = ViewController.m; sourceTree = "<group>"; };
		10E114F120E5CBAE0013E4A4 /* main.m */ = {isa = PBXFileReference; lastKnownFileType = sourcecode.c.objc; path = main.m; sourceTree = "<group>"; };
		10E1151220EBF5EB0013E4A4 /* UIUtilities.h */ = {isa = PBXFileReference; lastKnownFileType = sourcecode.c.h; path = UIUtilities.h; sourceTree = "<group>"; };
		10E1151320EBF5EB0013E4A4 /* UIUtilities.m */ = {isa = PBXFileReference; lastKnownFileType = sourcecode.c.objc; path = UIUtilities.m; sourceTree = "<group>"; };
		10E1151520EBF6220013E4A4 /* CameraViewController.h */ = {isa = PBXFileReference; lastKnownFileType = sourcecode.c.h; path = CameraViewController.h; sourceTree = "<group>"; };
		10E1151620EBF6220013E4A4 /* CameraViewController.m */ = {isa = PBXFileReference; lastKnownFileType = sourcecode.c.objc; path = CameraViewController.m; sourceTree = "<group>"; };
		10E1151820EBF7E10013E4A4 /* UIImage+VisionDetection.h */ = {isa = PBXFileReference; lastKnownFileType = sourcecode.c.h; path = "UIImage+VisionDetection.h"; sourceTree = "<group>"; };
		10E1151920EBF7E10013E4A4 /* UIImage+VisionDetection.m */ = {isa = PBXFileReference; lastKnownFileType = sourcecode.c.objc; path = "UIImage+VisionDetection.m"; sourceTree = "<group>"; };
		1BB7EC6E26AB69650082BEE8 /* chinese_sparse.png */ = {isa = PBXFileReference; lastKnownFileType = image.png; name = chinese_sparse.png; path = Resources/chinese_sparse.png; sourceTree = "<group>"; };
		1BB7EC6F26AB69650082BEE8 /* japanese_sparse.png */ = {isa = PBXFileReference; lastKnownFileType = image.png; name = japanese_sparse.png; path = Resources/japanese_sparse.png; sourceTree = "<group>"; };
		1BB7EC7026AB69650082BEE8 /* devanagari_sparse.png */ = {isa = PBXFileReference; lastKnownFileType = image.png; name = devanagari_sparse.png; path = Resources/devanagari_sparse.png; sourceTree = "<group>"; };
		1BB7EC7126AB69660082BEE8 /* korean_sparse.png */ = {isa = PBXFileReference; lastKnownFileType = image.png; name = korean_sparse.png; path = Resources/korean_sparse.png; sourceTree = "<group>"; };
		7202DC6420D0C1A300034C35 /* qr_code.jpg */ = {isa = PBXFileReference; lastKnownFileType = image.jpeg; name = qr_code.jpg; path = Resources/qr_code.jpg; sourceTree = "<group>"; };
		7202DC6520D0C1A300034C35 /* image_has_text.jpg */ = {isa = PBXFileReference; lastKnownFileType = image.jpeg; name = image_has_text.jpg; path = Resources/image_has_text.jpg; sourceTree = "<group>"; };
		7202DC6620D0C1A300034C35 /* barcode_128.png */ = {isa = PBXFileReference; lastKnownFileType = image.png; name = barcode_128.png; path = Resources/barcode_128.png; sourceTree = "<group>"; };
		7202DC6720D0C1A300034C35 /* beach.jpg */ = {isa = PBXFileReference; lastKnownFileType = image.jpeg; name = beach.jpg; path = Resources/beach.jpg; sourceTree = "<group>"; };
		A4F89297243BB4BE00B58767 /* bird.tflite */ = {isa = PBXFileReference; lastKnownFileType = file; name = bird.tflite; path = Resources/bird.tflite; sourceTree = "<group>"; };
		A4F89298243BB4BF00B58767 /* bird.jpg */ = {isa = PBXFileReference; lastKnownFileType = image.jpeg; name = bird.jpg; path = Resources/bird.jpg; sourceTree = "<group>"; };
		BB287B3520729CE90069707A /* VisionExample.app */ = {isa = PBXFileReference; explicitFileType = wrapper.application; includeInIndex = 0; path = VisionExample.app; sourceTree = BUILT_PRODUCTS_DIR; };
		BB287B3820729CE90069707A /* AppDelegate.swift */ = {isa = PBXFileReference; lastKnownFileType = sourcecode.swift; path = AppDelegate.swift; sourceTree = "<group>"; };
		BB287B3D20729CE90069707A /* Base */ = {isa = PBXFileReference; lastKnownFileType = file.storyboard; name = Base; path = Base.lproj/Main.storyboard; sourceTree = "<group>"; };
		BB287B4420729CE90069707A /* Info.plist */ = {isa = PBXFileReference; lastKnownFileType = text.plist.xml; path = Info.plist; sourceTree = "<group>"; };
/* End PBXFileReference section */

/* Begin PBXFrameworksBuildPhase section */
		10E114DD20E5CBAA0013E4A4 /* Frameworks */ = {
			isa = PBXFrameworksBuildPhase;
			buildActionMask = 2147483647;
			files = (
			);
			runOnlyForDeploymentPostprocessing = 0;
		};
		BB287B3220729CE90069707A /* Frameworks */ = {
			isa = PBXFrameworksBuildPhase;
			buildActionMask = 2147483647;
			files = (
			);
			runOnlyForDeploymentPostprocessing = 0;
		};
/* End PBXFrameworksBuildPhase section */

/* Begin PBXGroup section */
		10224B642087E52600A77316 /* Resources */ = {
			isa = PBXGroup;
			children = (
				1BB7EC6E26AB69650082BEE8 /* chinese_sparse.png */,
				1BB7EC7026AB69650082BEE8 /* devanagari_sparse.png */,
				1BB7EC6F26AB69650082BEE8 /* japanese_sparse.png */,
				1BB7EC7126AB69660082BEE8 /* korean_sparse.png */,
				10224B702087E5A900A77316 /* grace_hopper.jpg */,
				7202DC6620D0C1A300034C35 /* barcode_128.png */,
				7202DC6720D0C1A300034C35 /* beach.jpg */,
				A4F89298243BB4BF00B58767 /* bird.jpg */,
				A4F89297243BB4BE00B58767 /* bird.tflite */,
				7202DC6520D0C1A300034C35 /* image_has_text.jpg */,
				7202DC6420D0C1A300034C35 /* qr_code.jpg */,
				1077670D210FBBB6007A19A7 /* liberty.jpg */,
			);
			name = Resources;
			sourceTree = "<group>";
		};
		10E114E120E5CBAA0013E4A4 /* VisionExampleObjC */ = {
			isa = PBXGroup;
			children = (
				10E114E220E5CBAA0013E4A4 /* AppDelegate.h */,
				10E114E320E5CBAA0013E4A4 /* AppDelegate.m */,
				10E114E520E5CBAA0013E4A4 /* ViewController.h */,
				10E114E620E5CBAA0013E4A4 /* ViewController.m */,
				10E114F120E5CBAE0013E4A4 /* main.m */,
				10E1151220EBF5EB0013E4A4 /* UIUtilities.h */,
				10E1151320EBF5EB0013E4A4 /* UIUtilities.m */,
				10E1151520EBF6220013E4A4 /* CameraViewController.h */,
				10E1151620EBF6220013E4A4 /* CameraViewController.m */,
				10E1151820EBF7E10013E4A4 /* UIImage+VisionDetection.h */,
				10E1151920EBF7E10013E4A4 /* UIImage+VisionDetection.m */,
			);
			path = VisionExampleObjC;
			sourceTree = "<group>";
		};
		BB287B2C20729CE90069707A = {
			isa = PBXGroup;
			children = (
				1001E6FC20CF0C8F00445CB3 /* Assets.xcassets */,
				10224B642087E52600A77316 /* Resources */,
				BB287B3720729CE90069707A /* VisionExample */,
				10E114E120E5CBAA0013E4A4 /* VisionExampleObjC */,
				BB287B3620729CE90069707A /* Products */,
			);
			sourceTree = "<group>";
		};
		BB287B3620729CE90069707A /* Products */ = {
			isa = PBXGroup;
			children = (
				BB287B3520729CE90069707A /* VisionExample.app */,
				10E114E020E5CBAA0013E4A4 /* VisionExampleObjC.app */,
			);
			name = Products;
			sourceTree = "<group>";
		};
		BB287B3720729CE90069707A /* VisionExample */ = {
			isa = PBXGroup;
			children = (
				BB287B3820729CE90069707A /* AppDelegate.swift */,
				10224B572087E43100A77316 /* ViewController.swift */,
				10224B5B2087E49F00A77316 /* MLKitExtensions.swift */,
				1001E6F620CEE0DD00445CB3 /* UIUtilities.swift */,
				1001E6F820CF021E00445CB3 /* CameraViewController.swift */,
				BB287B4A2072A0200069707A /* Supporting Files */,
				BB287B4420729CE90069707A /* Info.plist */,
			);
			path = VisionExample;
			sourceTree = "<group>";
		};
		BB287B4A2072A0200069707A /* Supporting Files */ = {
			isa = PBXGroup;
			children = (
				BB287B3C20729CE90069707A /* Main.storyboard */,
			);
			name = "Supporting Files";
			sourceTree = "<group>";
		};
/* End PBXGroup section */

/* Begin PBXNativeTarget section */
		10E114DF20E5CBAA0013E4A4 /* VisionExampleObjC */ = {
			isa = PBXNativeTarget;
			buildConfigurationList = 10E1150F20E5CBAE0013E4A4 /* Build configuration list for PBXNativeTarget "VisionExampleObjC" */;
			buildPhases = (
				10E114DC20E5CBAA0013E4A4 /* Sources */,
				10E114DD20E5CBAA0013E4A4 /* Frameworks */,
				10E114DE20E5CBAA0013E4A4 /* Resources */,
			);
			buildRules = (
			);
			dependencies = (
			);
			name = VisionExampleObjC;
			productName = VisionExampleObjC;
			productReference = 10E114E020E5CBAA0013E4A4 /* VisionExampleObjC.app */;
			productType = "com.apple.product-type.application";
		};
		BB287B3420729CE90069707A /* VisionExample */ = {
			isa = PBXNativeTarget;
			buildConfigurationList = BB287B4720729CE90069707A /* Build configuration list for PBXNativeTarget "VisionExample" */;
			buildPhases = (
				BB287B3120729CE90069707A /* Sources */,
				BB287B3220729CE90069707A /* Frameworks */,
				BB287B3320729CE90069707A /* Resources */,
			);
			buildRules = (
			);
			dependencies = (
			);
			name = VisionExample;
			productName = "ml-kit-sampler";
			productReference = BB287B3520729CE90069707A /* VisionExample.app */;
			productType = "com.apple.product-type.application";
		};
/* End PBXNativeTarget section */

/* Begin PBXProject section */
		BB287B2D20729CE90069707A /* Project object */ = {
			isa = PBXProject;
			attributes = {
				LastSwiftUpdateCheck = 0930;
				LastUpgradeCheck = 0930;
				ORGANIZATIONNAME = "Google Inc.";
				TargetAttributes = {
					10E114DF20E5CBAA0013E4A4 = {
						CreatedOnToolsVersion = 9.4;
						ProvisioningStyle = Automatic;
					};
					BB287B3420729CE90069707A = {
						CreatedOnToolsVersion = 9.2;
						LastSwiftMigration = 1020;
						ProvisioningStyle = Automatic;
					};
				};
			};
			buildConfigurationList = BB287B3020729CE90069707A /* Build configuration list for PBXProject "VisionExample" */;
			compatibilityVersion = "Xcode 8.0";
			developmentRegion = en;
			hasScannedForEncodings = 0;
			knownRegions = (
				en,
				Base,
			);
			mainGroup = BB287B2C20729CE90069707A;
			productRefGroup = BB287B3620729CE90069707A /* Products */;
			projectDirPath = "";
			projectRoot = "";
			targets = (
				BB287B3420729CE90069707A /* VisionExample */,
				10E114DF20E5CBAA0013E4A4 /* VisionExampleObjC */,
			);
		};
/* End PBXProject section */

/* Begin PBXResourcesBuildPhase section */
		10E114DE20E5CBAA0013E4A4 /* Resources */ = {
			isa = PBXResourcesBuildPhase;
			buildActionMask = 2147483647;
			files = (
				1BB7EC7326AB69660082BEE8 /* chinese_sparse.png in Resources */,
				10E1152120F3D5F60013E4A4 /* Main.storyboard in Resources */,
				1BB7EC7526AB69660082BEE8 /* japanese_sparse.png in Resources */,
				10E1152520F3DFE20013E4A4 /* Assets.xcassets in Resources */,
				10E1152720F3E0960013E4A4 /* barcode_128.png in Resources */,
				10E1152820F3E0990013E4A4 /* beach.jpg in Resources */,
				10E1152620F3E0930013E4A4 /* grace_hopper.jpg in Resources */,
				10E1152920F3E09C0013E4A4 /* image_has_text.jpg in Resources */,
				1BB7EC7726AB69660082BEE8 /* devanagari_sparse.png in Resources */,
				A4F8929C243BB4BF00B58767 /* bird.jpg in Resources */,
				10E1152A20F3E09F0013E4A4 /* qr_code.jpg in Resources */,
				1BB7EC7926AB69660082BEE8 /* korean_sparse.png in Resources */,
				A4F8929A243BB4BF00B58767 /* bird.tflite in Resources */,
				1077670F210FBBB6007A19A7 /* liberty.jpg in Resources */,
			);
			runOnlyForDeploymentPostprocessing = 0;
		};
		BB287B3320729CE90069707A /* Resources */ = {
			isa = PBXResourcesBuildPhase;
			buildActionMask = 2147483647;
			files = (
				1BB7EC7226AB69660082BEE8 /* chinese_sparse.png in Resources */,
				10224B762087E5A900A77316 /* grace_hopper.jpg in Resources */,
				1BB7EC7426AB69660082BEE8 /* japanese_sparse.png in Resources */,
				7202DC6C20D0C1A300034C35 /* beach.jpg in Resources */,
				7202DC6920D0C1A300034C35 /* qr_code.jpg in Resources */,
				7202DC6B20D0C1A300034C35 /* barcode_128.png in Resources */,
				7202DC6A20D0C1A300034C35 /* image_has_text.jpg in Resources */,
				BB287B3E20729CE90069707A /* Main.storyboard in Resources */,
				1BB7EC7626AB69660082BEE8 /* devanagari_sparse.png in Resources */,
				A4F8929B243BB4BF00B58767 /* bird.jpg in Resources */,
				1001E6FD20CF0C8F00445CB3 /* Assets.xcassets in Resources */,
				1BB7EC7826AB69660082BEE8 /* korean_sparse.png in Resources */,
				A4F89299243BB4BF00B58767 /* bird.tflite in Resources */,
				1077670E210FBBB6007A19A7 /* liberty.jpg in Resources */,
			);
			runOnlyForDeploymentPostprocessing = 0;
		};
/* End PBXResourcesBuildPhase section */

/* Begin PBXSourcesBuildPhase section */
		10E114DC20E5CBAA0013E4A4 /* Sources */ = {
			isa = PBXSourcesBuildPhase;
			buildActionMask = 2147483647;
			files = (
				10E1151720EBF6220013E4A4 /* CameraViewController.m in Sources */,
				10E1151A20EBF7E10013E4A4 /* UIImage+VisionDetection.m in Sources */,
				10E114E720E5CBAA0013E4A4 /* ViewController.m in Sources */,
				10E114F220E5CBAE0013E4A4 /* main.m in Sources */,
				10E1151420EBF5EB0013E4A4 /* UIUtilities.m in Sources */,
				10E114E420E5CBAA0013E4A4 /* AppDelegate.m in Sources */,
			);
			runOnlyForDeploymentPostprocessing = 0;
		};
		BB287B3120729CE90069707A /* Sources */ = {
			isa = PBXSourcesBuildPhase;
			buildActionMask = 2147483647;
			files = (
				10224B582087E43100A77316 /* ViewController.swift in Sources */,
				1001E6F920CF021E00445CB3 /* CameraViewController.swift in Sources */,
				BB287B3920729CE90069707A /* AppDelegate.swift in Sources */,
				4ADD356323BAC29A001277A7 /* MLKitExtensions.swift in Sources */,
				1001E6F720CEE0DD00445CB3 /* UIUtilities.swift in Sources */,
			);
			runOnlyForDeploymentPostprocessing = 0;
		};
/* End PBXSourcesBuildPhase section */

/* Begin PBXVariantGroup section */
		BB287B3C20729CE90069707A /* Main.storyboard */ = {
			isa = PBXVariantGroup;
			children = (
				BB287B3D20729CE90069707A /* Base */,
			);
			name = Main.storyboard;
			sourceTree = "<group>";
		};
/* End PBXVariantGroup section */

/* Begin XCBuildConfiguration section */
		10E1150920E5CBAE0013E4A4 /* Debug */ = {
			isa = XCBuildConfiguration;
			buildSettings = {
				CLANG_ENABLE_OBJC_WEAK = YES;
				CODE_SIGN_STYLE = Automatic;
				DEVELOPMENT_TEAM = "";
				INFOPLIST_FILE = "$(SRCROOT)/VisionExample/Info.plist";
				LD_RUNPATH_SEARCH_PATHS = "$(inherited) @executable_path/Frameworks";
				PRODUCT_BUNDLE_IDENTIFIER = com.google.mlkit.quickstart.VisionExample;
				PRODUCT_NAME = "$(TARGET_NAME)";
				TARGETED_DEVICE_FAMILY = "1,2";
				VALID_ARCHS = "x86_64 arm64 arm64e";
			};
			name = Debug;
		};
		10E1150A20E5CBAE0013E4A4 /* Release */ = {
			isa = XCBuildConfiguration;
			buildSettings = {
				CLANG_ENABLE_OBJC_WEAK = YES;
				CODE_SIGN_STYLE = Automatic;
				DEVELOPMENT_TEAM = "";
				INFOPLIST_FILE = "$(SRCROOT)/VisionExample/Info.plist";
				LD_RUNPATH_SEARCH_PATHS = "$(inherited) @executable_path/Frameworks";
				PRODUCT_BUNDLE_IDENTIFIER = com.google.mlkit.quickstart.VisionExample;
				PRODUCT_NAME = "$(TARGET_NAME)";
				TARGETED_DEVICE_FAMILY = "1,2";
				VALID_ARCHS = "x86_64 arm64 arm64e";
			};
			name = Release;
		};
		BB287B4520729CE90069707A /* Debug */ = {
			isa = XCBuildConfiguration;
			buildSettings = {
				ALWAYS_SEARCH_USER_PATHS = NO;
				CLANG_ANALYZER_NONNULL = YES;
				CLANG_ANALYZER_NUMBER_OBJECT_CONVERSION = YES_AGGRESSIVE;
				CLANG_CXX_LANGUAGE_STANDARD = "gnu++14";
				CLANG_CXX_LIBRARY = "libc++";
				CLANG_ENABLE_MODULES = YES;
				CLANG_ENABLE_OBJC_ARC = YES;
				CLANG_WARN_BLOCK_CAPTURE_AUTORELEASING = YES;
				CLANG_WARN_BOOL_CONVERSION = YES;
				CLANG_WARN_COMMA = YES;
				CLANG_WARN_CONSTANT_CONVERSION = YES;
				CLANG_WARN_DEPRECATED_OBJC_IMPLEMENTATIONS = YES;
				CLANG_WARN_DIRECT_OBJC_ISA_USAGE = YES_ERROR;
				CLANG_WARN_DOCUMENTATION_COMMENTS = YES;
				CLANG_WARN_EMPTY_BODY = YES;
				CLANG_WARN_ENUM_CONVERSION = YES;
				CLANG_WARN_INFINITE_RECURSION = YES;
				CLANG_WARN_INT_CONVERSION = YES;
				CLANG_WARN_NON_LITERAL_NULL_CONVERSION = YES;
				CLANG_WARN_OBJC_IMPLICIT_RETAIN_SELF = YES;
				CLANG_WARN_OBJC_LITERAL_CONVERSION = YES;
				CLANG_WARN_OBJC_ROOT_CLASS = YES_ERROR;
				CLANG_WARN_RANGE_LOOP_ANALYSIS = YES;
				CLANG_WARN_STRICT_PROTOTYPES = YES;
				CLANG_WARN_SUSPICIOUS_MOVE = YES;
				CLANG_WARN_UNGUARDED_AVAILABILITY = YES_AGGRESSIVE;
				CLANG_WARN_UNREACHABLE_CODE = YES;
				CLANG_WARN__DUPLICATE_METHOD_MATCH = YES;
				CODE_SIGN_IDENTITY = "Apple Development";
				COPY_PHASE_STRIP = NO;
				DEBUG_INFORMATION_FORMAT = dwarf;
				ENABLE_STRICT_OBJC_MSGSEND = YES;
				ENABLE_TESTABILITY = YES;
				GCC_C_LANGUAGE_STANDARD = gnu11;
				GCC_DYNAMIC_NO_PIC = NO;
				GCC_NO_COMMON_BLOCKS = YES;
				GCC_OPTIMIZATION_LEVEL = 0;
				GCC_PREPROCESSOR_DEFINITIONS = (
					"DEBUG=1",
					"$(inherited)",
				);
				GCC_WARN_64_TO_32_BIT_CONVERSION = YES;
				GCC_WARN_ABOUT_RETURN_TYPE = YES_ERROR;
				GCC_WARN_UNDECLARED_SELECTOR = YES;
				GCC_WARN_UNINITIALIZED_AUTOS = YES_AGGRESSIVE;
				GCC_WARN_UNUSED_FUNCTION = YES;
				GCC_WARN_UNUSED_VARIABLE = YES;
				IPHONEOS_DEPLOYMENT_TARGET = 10.0;
				MTL_ENABLE_DEBUG_INFO = YES;
				ONLY_ACTIVE_ARCH = YES;
				SDKROOT = iphoneos;
				SWIFT_ACTIVE_COMPILATION_CONDITIONS = DEBUG;
				SWIFT_OPTIMIZATION_LEVEL = "-Onone";
				VALID_ARCHS = "x86_64 arm64 arm64e";
			};
			name = Debug;
		};
		BB287B4620729CE90069707A /* Release */ = {
			isa = XCBuildConfiguration;
			buildSettings = {
				ALWAYS_SEARCH_USER_PATHS = NO;
				CLANG_ANALYZER_NONNULL = YES;
				CLANG_ANALYZER_NUMBER_OBJECT_CONVERSION = YES_AGGRESSIVE;
				CLANG_CXX_LANGUAGE_STANDARD = "gnu++14";
				CLANG_CXX_LIBRARY = "libc++";
				CLANG_ENABLE_MODULES = YES;
				CLANG_ENABLE_OBJC_ARC = YES;
				CLANG_WARN_BLOCK_CAPTURE_AUTORELEASING = YES;
				CLANG_WARN_BOOL_CONVERSION = YES;
				CLANG_WARN_COMMA = YES;
				CLANG_WARN_CONSTANT_CONVERSION = YES;
				CLANG_WARN_DEPRECATED_OBJC_IMPLEMENTATIONS = YES;
				CLANG_WARN_DIRECT_OBJC_ISA_USAGE = YES_ERROR;
				CLANG_WARN_DOCUMENTATION_COMMENTS = YES;
				CLANG_WARN_EMPTY_BODY = YES;
				CLANG_WARN_ENUM_CONVERSION = YES;
				CLANG_WARN_INFINITE_RECURSION = YES;
				CLANG_WARN_INT_CONVERSION = YES;
				CLANG_WARN_NON_LITERAL_NULL_CONVERSION = YES;
				CLANG_WARN_OBJC_IMPLICIT_RETAIN_SELF = YES;
				CLANG_WARN_OBJC_LITERAL_CONVERSION = YES;
				CLANG_WARN_OBJC_ROOT_CLASS = YES_ERROR;
				CLANG_WARN_RANGE_LOOP_ANALYSIS = YES;
				CLANG_WARN_STRICT_PROTOTYPES = YES;
				CLANG_WARN_SUSPICIOUS_MOVE = YES;
				CLANG_WARN_UNGUARDED_AVAILABILITY = YES_AGGRESSIVE;
				CLANG_WARN_UNREACHABLE_CODE = YES;
				CLANG_WARN__DUPLICATE_METHOD_MATCH = YES;
				CODE_SIGN_IDENTITY = "Apple Development";
				COPY_PHASE_STRIP = NO;
				DEBUG_INFORMATION_FORMAT = "dwarf-with-dsym";
				ENABLE_NS_ASSERTIONS = NO;
				ENABLE_STRICT_OBJC_MSGSEND = YES;
				GCC_C_LANGUAGE_STANDARD = gnu11;
				GCC_NO_COMMON_BLOCKS = YES;
				GCC_WARN_64_TO_32_BIT_CONVERSION = YES;
				GCC_WARN_ABOUT_RETURN_TYPE = YES_ERROR;
				GCC_WARN_UNDECLARED_SELECTOR = YES;
				GCC_WARN_UNINITIALIZED_AUTOS = YES_AGGRESSIVE;
				GCC_WARN_UNUSED_FUNCTION = YES;
				GCC_WARN_UNUSED_VARIABLE = YES;
				IPHONEOS_DEPLOYMENT_TARGET = 10.0;
				MTL_ENABLE_DEBUG_INFO = NO;
				SDKROOT = iphoneos;
				SWIFT_OPTIMIZATION_LEVEL = "-Owholemodule";
				VALIDATE_PRODUCT = YES;
				VALID_ARCHS = "x86_64 arm64 arm64e";
			};
			name = Release;
		};
		BB287B4820729CE90069707A /* Debug */ = {
			isa = XCBuildConfiguration;
			buildSettings = {
				CODE_SIGN_IDENTITY = "Apple Development";
				CODE_SIGN_STYLE = Automatic;
				DEVELOPMENT_TEAM = "";
				ENABLE_BITCODE = NO;
				INFOPLIST_FILE = "$(SRCROOT)/VisionExample/Info.plist";
				LD_RUNPATH_SEARCH_PATHS = "$(inherited) @executable_path/Frameworks";
				PRODUCT_BUNDLE_IDENTIFIER = com.google.mlkit.quickstart.VisionExample;
				PRODUCT_NAME = "$(TARGET_NAME)";
				PROVISIONING_PROFILE = "";
				PROVISIONING_PROFILE_SPECIFIER = "";
				SWIFT_VERSION = 5.0;
				TARGETED_DEVICE_FAMILY = "1,2";
				VALID_ARCHS = "x86_64 arm64 arm64e";
			};
			name = Debug;
		};
		BB287B4920729CE90069707A /* Release */ = {
			isa = XCBuildConfiguration;
			buildSettings = {
				CODE_SIGN_IDENTITY = "Apple Development";
				CODE_SIGN_STYLE = Automatic;
				DEVELOPMENT_TEAM = "";
				ENABLE_BITCODE = NO;
				INFOPLIST_FILE = "$(SRCROOT)/VisionExample/Info.plist";
				LD_RUNPATH_SEARCH_PATHS = "$(inherited) @executable_path/Frameworks";
				PRODUCT_BUNDLE_IDENTIFIER = com.google.mlkit.quickstart.VisionExample;
				PRODUCT_NAME = "$(TARGET_NAME)";
				PROVISIONING_PROFILE = "";
				PROVISIONING_PROFILE_SPECIFIER = "";
				SWIFT_VERSION = 5.0;
				TARGETED_DEVICE_FAMILY = "1,2";
				VALID_ARCHS = "x86_64 arm64 arm64e";
			};
			name = Release;
		};
/* End XCBuildConfiguration section */

/* Begin XCConfigurationList section */
		10E1150F20E5CBAE0013E4A4 /* Build configuration list for PBXNativeTarget "VisionExampleObjC" */ = {
			isa = XCConfigurationList;
			buildConfigurations = (
				10E1150920E5CBAE0013E4A4 /* Debug */,
				10E1150A20E5CBAE0013E4A4 /* Release */,
			);
			defaultConfigurationIsVisible = 0;
			defaultConfigurationName = Release;
		};
		BB287B3020729CE90069707A /* Build configuration list for PBXProject "VisionExample" */ = {
			isa = XCConfigurationList;
			buildConfigurations = (
				BB287B4520729CE90069707A /* Debug */,
				BB287B4620729CE90069707A /* Release */,
			);
			defaultConfigurationIsVisible = 0;
			defaultConfigurationName = Release;
		};
		BB287B4720729CE90069707A /* Build configuration list for PBXNativeTarget "VisionExample" */ = {
			isa = XCConfigurationList;
			buildConfigurations = (
				BB287B4820729CE90069707A /* Debug */,
				BB287B4920729CE90069707A /* Release */,
			);
			defaultConfigurationIsVisible = 0;
			defaultConfigurationName = Release;
		};
/* End XCConfigurationList section */
	};
	rootObject = BB287B2D20729CE90069707A /* Project object */;
}